// !$*UTF8*$!
{
	archiveVersion = 1;
	classes = {
	};
	objectVersion = 46;
	objects = {

/* Begin PBXBuildFile section */
		120CD65F189A528A0021DAE2 /* Default-480h@2x.png in Resources */ = {isa = PBXBuildFile; fileRef = 120CD65E189A528A0021DAE2 /* Default-480h@2x.png */; };
		121EC0B71893EB6D00AACBE1 /* ballon0.png in Resources */ = {isa = PBXBuildFile; fileRef = 121EC0131893EB6C00AACBE1 /* ballon0.png */; };
		121EC0B81893EB6D00AACBE1 /* ballon1.png in Resources */ = {isa = PBXBuildFile; fileRef = 121EC0141893EB6C00AACBE1 /* ballon1.png */; };
		121EC0B91893EB6D00AACBE1 /* ballon2.png in Resources */ = {isa = PBXBuildFile; fileRef = 121EC0151893EB6C00AACBE1 /* ballon2.png */; };
		121EC0BA1893EB6D00AACBE1 /* ballon3.png in Resources */ = {isa = PBXBuildFile; fileRef = 121EC0161893EB6C00AACBE1 /* ballon3.png */; };
		121EC0BB1893EB6D00AACBE1 /* ballon4.png in Resources */ = {isa = PBXBuildFile; fileRef = 121EC0171893EB6C00AACBE1 /* ballon4.png */; };
		121EC0BC1893EB6D00AACBE1 /* bambooshoot1.png in Resources */ = {isa = PBXBuildFile; fileRef = 121EC0181893EB6C00AACBE1 /* bambooshoot1.png */; };
		121EC0BD1893EB6D00AACBE1 /* bambooshoot2.png in Resources */ = {isa = PBXBuildFile; fileRef = 121EC0191893EB6C00AACBE1 /* bambooshoot2.png */; };
		121EC0BE1893EB6D00AACBE1 /* bambooshoot3.png in Resources */ = {isa = PBXBuildFile; fileRef = 121EC01A1893EB6C00AACBE1 /* bambooshoot3.png */; };
		121EC0BF1893EB6D00AACBE1 /* bambooshoot4.png in Resources */ = {isa = PBXBuildFile; fileRef = 121EC01B1893EB6C00AACBE1 /* bambooshoot4.png */; };
		121EC0C01893EB6D00AACBE1 /* bambooshoot0.png in Resources */ = {isa = PBXBuildFile; fileRef = 121EC01C1893EB6C00AACBE1 /* bambooshoot0.png */; };
		121EC0C11893EB6D00AACBE1 /* banana0.png in Resources */ = {isa = PBXBuildFile; fileRef = 121EC01D1893EB6C00AACBE1 /* banana0.png */; };
		121EC0C21893EB6D00AACBE1 /* banana1.png in Resources */ = {isa = PBXBuildFile; fileRef = 121EC01E1893EB6C00AACBE1 /* banana1.png */; };
		121EC0C31893EB6D00AACBE1 /* banana2.png in Resources */ = {isa = PBXBuildFile; fileRef = 121EC01F1893EB6C00AACBE1 /* banana2.png */; };
		121EC0C41893EB6D00AACBE1 /* banana3.png in Resources */ = {isa = PBXBuildFile; fileRef = 121EC0201893EB6C00AACBE1 /* banana3.png */; };
		121EC0C51893EB6D00AACBE1 /* banana4.png in Resources */ = {isa = PBXBuildFile; fileRef = 121EC0211893EB6C00AACBE1 /* banana4.png */; };
		121EC0C61893EB6D00AACBE1 /* basket0.png in Resources */ = {isa = PBXBuildFile; fileRef = 121EC0221893EB6C00AACBE1 /* basket0.png */; };
		121EC0C71893EB6D00AACBE1 /* basket1.png in Resources */ = {isa = PBXBuildFile; fileRef = 121EC0231893EB6C00AACBE1 /* basket1.png */; };
		121EC0C81893EB6D00AACBE1 /* basket2.png in Resources */ = {isa = PBXBuildFile; fileRef = 121EC0241893EB6C00AACBE1 /* basket2.png */; };
		121EC0C91893EB6D00AACBE1 /* basket3.png in Resources */ = {isa = PBXBuildFile; fileRef = 121EC0251893EB6C00AACBE1 /* basket3.png */; };
		121EC0CA1893EB6D00AACBE1 /* basket4.png in Resources */ = {isa = PBXBuildFile; fileRef = 121EC0261893EB6C00AACBE1 /* basket4.png */; };
		121EC0CB1893EB6D00AACBE1 /* basketball0.png in Resources */ = {isa = PBXBuildFile; fileRef = 121EC0271893EB6C00AACBE1 /* basketball0.png */; };
		121EC0CC1893EB6D00AACBE1 /* basketball1.png in Resources */ = {isa = PBXBuildFile; fileRef = 121EC0281893EB6C00AACBE1 /* basketball1.png */; };
		121EC0CD1893EB6D00AACBE1 /* basketball2.png in Resources */ = {isa = PBXBuildFile; fileRef = 121EC0291893EB6C00AACBE1 /* basketball2.png */; };
		121EC0CE1893EB6D00AACBE1 /* basketball3.png in Resources */ = {isa = PBXBuildFile; fileRef = 121EC02A1893EB6C00AACBE1 /* basketball3.png */; };
		121EC0CF1893EB6D00AACBE1 /* basketball4.png in Resources */ = {isa = PBXBuildFile; fileRef = 121EC02B1893EB6C00AACBE1 /* basketball4.png */; };
		121EC0D01893EB6D00AACBE1 /* bear0.png in Resources */ = {isa = PBXBuildFile; fileRef = 121EC02C1893EB6C00AACBE1 /* bear0.png */; };
		121EC0D11893EB6D00AACBE1 /* bear1.png in Resources */ = {isa = PBXBuildFile; fileRef = 121EC02D1893EB6C00AACBE1 /* bear1.png */; };
		121EC0D21893EB6D00AACBE1 /* bear2.png in Resources */ = {isa = PBXBuildFile; fileRef = 121EC02E1893EB6C00AACBE1 /* bear2.png */; };
		121EC0D31893EB6D00AACBE1 /* bear3.png in Resources */ = {isa = PBXBuildFile; fileRef = 121EC02F1893EB6C00AACBE1 /* bear3.png */; };
		121EC0D41893EB6D00AACBE1 /* bear4.png in Resources */ = {isa = PBXBuildFile; fileRef = 121EC0301893EB6C00AACBE1 /* bear4.png */; };
		121EC0D51893EB6D00AACBE1 /* cabbage1.png in Resources */ = {isa = PBXBuildFile; fileRef = 121EC0311893EB6C00AACBE1 /* cabbage1.png */; };
		121EC0D61893EB6D00AACBE1 /* car10.png in Resources */ = {isa = PBXBuildFile; fileRef = 121EC0321893EB6C00AACBE1 /* car10.png */; };
		121EC0D71893EB6D00AACBE1 /* car11.png in Resources */ = {isa = PBXBuildFile; fileRef = 121EC0331893EB6C00AACBE1 /* car11.png */; };
		121EC0D81893EB6D00AACBE1 /* car12.png in Resources */ = {isa = PBXBuildFile; fileRef = 121EC0341893EB6C00AACBE1 /* car12.png */; };
		121EC0D91893EB6D00AACBE1 /* car13.png in Resources */ = {isa = PBXBuildFile; fileRef = 121EC0351893EB6C00AACBE1 /* car13.png */; };
		121EC0DA1893EB6D00AACBE1 /* car14.png in Resources */ = {isa = PBXBuildFile; fileRef = 121EC0361893EB6C00AACBE1 /* car14.png */; };
		121EC0DB1893EB6D00AACBE1 /* carbbage0.png in Resources */ = {isa = PBXBuildFile; fileRef = 121EC0371893EB6C00AACBE1 /* carbbage0.png */; };
		121EC0DC1893EB6D00AACBE1 /* carbbage2.png in Resources */ = {isa = PBXBuildFile; fileRef = 121EC0381893EB6C00AACBE1 /* carbbage2.png */; };
		121EC0DD1893EB6D00AACBE1 /* carbbage3.png in Resources */ = {isa = PBXBuildFile; fileRef = 121EC0391893EB6C00AACBE1 /* carbbage3.png */; };
		121EC0DE1893EB6D00AACBE1 /* carbbage4.png in Resources */ = {isa = PBXBuildFile; fileRef = 121EC03A1893EB6C00AACBE1 /* carbbage4.png */; };
		121EC0DF1893EB6D00AACBE1 /* carrot0.png in Resources */ = {isa = PBXBuildFile; fileRef = 121EC03B1893EB6C00AACBE1 /* carrot0.png */; };
		121EC0E01893EB6D00AACBE1 /* carrot1.png in Resources */ = {isa = PBXBuildFile; fileRef = 121EC03C1893EB6C00AACBE1 /* carrot1.png */; };
		121EC0E11893EB6D00AACBE1 /* carrot2.png in Resources */ = {isa = PBXBuildFile; fileRef = 121EC03D1893EB6C00AACBE1 /* carrot2.png */; };
		121EC0E21893EB6D00AACBE1 /* carrot3.png in Resources */ = {isa = PBXBuildFile; fileRef = 121EC03E1893EB6C00AACBE1 /* carrot3.png */; };
		121EC0E31893EB6D00AACBE1 /* carrot4.png in Resources */ = {isa = PBXBuildFile; fileRef = 121EC03F1893EB6C00AACBE1 /* carrot4.png */; };
		121EC0E41893EB6D00AACBE1 /* cherry0.png in Resources */ = {isa = PBXBuildFile; fileRef = 121EC0401893EB6C00AACBE1 /* cherry0.png */; };
		121EC0E51893EB6D00AACBE1 /* cherry1.png in Resources */ = {isa = PBXBuildFile; fileRef = 121EC0411893EB6C00AACBE1 /* cherry1.png */; };
		121EC0E61893EB6D00AACBE1 /* cherry2.png in Resources */ = {isa = PBXBuildFile; fileRef = 121EC0421893EB6C00AACBE1 /* cherry2.png */; };
		121EC0E71893EB6D00AACBE1 /* cherry3.png in Resources */ = {isa = PBXBuildFile; fileRef = 121EC0431893EB6C00AACBE1 /* cherry3.png */; };
		121EC0E81893EB6D00AACBE1 /* cherry4.png in Resources */ = {isa = PBXBuildFile; fileRef = 121EC0441893EB6C00AACBE1 /* cherry4.png */; };
		121EC0E91893EB6D00AACBE1 /* clock0.png in Resources */ = {isa = PBXBuildFile; fileRef = 121EC0451893EB6C00AACBE1 /* clock0.png */; };
		121EC0EA1893EB6D00AACBE1 /* clock1.png in Resources */ = {isa = PBXBuildFile; fileRef = 121EC0461893EB6C00AACBE1 /* clock1.png */; };
		121EC0EB1893EB6D00AACBE1 /* clock2.png in Resources */ = {isa = PBXBuildFile; fileRef = 121EC0471893EB6C00AACBE1 /* clock2.png */; };
		121EC0EC1893EB6D00AACBE1 /* clock3.png in Resources */ = {isa = PBXBuildFile; fileRef = 121EC0481893EB6C00AACBE1 /* clock3.png */; };
		121EC0ED1893EB6D00AACBE1 /* clock4.png in Resources */ = {isa = PBXBuildFile; fileRef = 121EC0491893EB6C00AACBE1 /* clock4.png */; };
		121EC0EE1893EB6D00AACBE1 /* cup0.png in Resources */ = {isa = PBXBuildFile; fileRef = 121EC04A1893EB6C00AACBE1 /* cup0.png */; };
		121EC0EF1893EB6D00AACBE1 /* cup1.png in Resources */ = {isa = PBXBuildFile; fileRef = 121EC04B1893EB6C00AACBE1 /* cup1.png */; };
		121EC0F01893EB6D00AACBE1 /* cup2.png in Resources */ = {isa = PBXBuildFile; fileRef = 121EC04C1893EB6C00AACBE1 /* cup2.png */; };
		121EC0F11893EB6D00AACBE1 /* cup3.png in Resources */ = {isa = PBXBuildFile; fileRef = 121EC04D1893EB6C00AACBE1 /* cup3.png */; };
		121EC0F21893EB6D00AACBE1 /* cup4.png in Resources */ = {isa = PBXBuildFile; fileRef = 121EC04E1893EB6C00AACBE1 /* cup4.png */; };
		121EC0F31893EB6D00AACBE1 /* drum0.png in Resources */ = {isa = PBXBuildFile; fileRef = 121EC04F1893EB6C00AACBE1 /* drum0.png */; };
		121EC0F41893EB6D00AACBE1 /* drum1.png in Resources */ = {isa = PBXBuildFile; fileRef = 121EC0501893EB6C00AACBE1 /* drum1.png */; };
		121EC0F51893EB6D00AACBE1 /* drum2.png in Resources */ = {isa = PBXBuildFile; fileRef = 121EC0511893EB6C00AACBE1 /* drum2.png */; };
		121EC0F61893EB6D00AACBE1 /* drum3.png in Resources */ = {isa = PBXBuildFile; fileRef = 121EC0521893EB6C00AACBE1 /* drum3.png */; };
		121EC0F71893EB6D00AACBE1 /* drum4.png in Resources */ = {isa = PBXBuildFile; fileRef = 121EC0531893EB6C00AACBE1 /* drum4.png */; };
		121EC0F81893EB6D00AACBE1 /* eggplant0.png in Resources */ = {isa = PBXBuildFile; fileRef = 121EC0541893EB6C00AACBE1 /* eggplant0.png */; };
		121EC0F91893EB6D00AACBE1 /* eggplant1.png in Resources */ = {isa = PBXBuildFile; fileRef = 121EC0551893EB6C00AACBE1 /* eggplant1.png */; };
		121EC0FA1893EB6D00AACBE1 /* eggplant2.png in Resources */ = {isa = PBXBuildFile; fileRef = 121EC0561893EB6C00AACBE1 /* eggplant2.png */; };
		121EC0FB1893EB6D00AACBE1 /* eggplant3.png in Resources */ = {isa = PBXBuildFile; fileRef = 121EC0571893EB6C00AACBE1 /* eggplant3.png */; };
		121EC0FC1893EB6D00AACBE1 /* eggplant4.png in Resources */ = {isa = PBXBuildFile; fileRef = 121EC0581893EB6C00AACBE1 /* eggplant4.png */; };
		121EC0FD1893EB6D00AACBE1 /* elephant0.png in Resources */ = {isa = PBXBuildFile; fileRef = 121EC0591893EB6C00AACBE1 /* elephant0.png */; };
		121EC0FE1893EB6D00AACBE1 /* elephant1.png in Resources */ = {isa = PBXBuildFile; fileRef = 121EC05A1893EB6C00AACBE1 /* elephant1.png */; };
		121EC0FF1893EB6D00AACBE1 /* elephant2.png in Resources */ = {isa = PBXBuildFile; fileRef = 121EC05B1893EB6C00AACBE1 /* elephant2.png */; };
		121EC1001893EB6D00AACBE1 /* elephant3.png in Resources */ = {isa = PBXBuildFile; fileRef = 121EC05C1893EB6C00AACBE1 /* elephant3.png */; };
		121EC1011893EB6D00AACBE1 /* elephant4.png in Resources */ = {isa = PBXBuildFile; fileRef = 121EC05D1893EB6C00AACBE1 /* elephant4.png */; };
		121EC1021893EB6D00AACBE1 /* fan0.png in Resources */ = {isa = PBXBuildFile; fileRef = 121EC05E1893EB6C00AACBE1 /* fan0.png */; };
		121EC1031893EB6D00AACBE1 /* fan1.png in Resources */ = {isa = PBXBuildFile; fileRef = 121EC05F1893EB6C00AACBE1 /* fan1.png */; };
		121EC1041893EB6D00AACBE1 /* fan2.png in Resources */ = {isa = PBXBuildFile; fileRef = 121EC0601893EB6C00AACBE1 /* fan2.png */; };
		121EC1051893EB6D00AACBE1 /* fan3.png in Resources */ = {isa = PBXBuildFile; fileRef = 121EC0611893EB6C00AACBE1 /* fan3.png */; };
		121EC1061893EB6D00AACBE1 /* fan4.png in Resources */ = {isa = PBXBuildFile; fileRef = 121EC0621893EB6C00AACBE1 /* fan4.png */; };
		121EC1071893EB6D00AACBE1 /* garlic0.png in Resources */ = {isa = PBXBuildFile; fileRef = 121EC0631893EB6C00AACBE1 /* garlic0.png */; };
		121EC1081893EB6D00AACBE1 /* garlic1.png in Resources */ = {isa = PBXBuildFile; fileRef = 121EC0641893EB6C00AACBE1 /* garlic1.png */; };
		121EC1091893EB6D00AACBE1 /* garlic2.png in Resources */ = {isa = PBXBuildFile; fileRef = 121EC0651893EB6C00AACBE1 /* garlic2.png */; };
		121EC10A1893EB6D00AACBE1 /* garlic3.png in Resources */ = {isa = PBXBuildFile; fileRef = 121EC0661893EB6C00AACBE1 /* garlic3.png */; };
		121EC10B1893EB6D00AACBE1 /* garlic4.png in Resources */ = {isa = PBXBuildFile; fileRef = 121EC0671893EB6C00AACBE1 /* garlic4.png */; };
		121EC10C1893EB6D00AACBE1 /* grape0.png in Resources */ = {isa = PBXBuildFile; fileRef = 121EC0681893EB6C00AACBE1 /* grape0.png */; };
		121EC10D1893EB6D00AACBE1 /* grape1.png in Resources */ = {isa = PBXBuildFile; fileRef = 121EC0691893EB6C00AACBE1 /* grape1.png */; };
		121EC10E1893EB6D00AACBE1 /* grape2.png in Resources */ = {isa = PBXBuildFile; fileRef = 121EC06A1893EB6C00AACBE1 /* grape2.png */; };
		121EC10F1893EB6D00AACBE1 /* grape3.png in Resources */ = {isa = PBXBuildFile; fileRef = 121EC06B1893EB6C00AACBE1 /* grape3.png */; };
		121EC1101893EB6D00AACBE1 /* grape4.png in Resources */ = {isa = PBXBuildFile; fileRef = 121EC06C1893EB6C00AACBE1 /* grape4.png */; };
		121EC1111893EB6D00AACBE1 /* hedgehog0.png in Resources */ = {isa = PBXBuildFile; fileRef = 121EC06D1893EB6C00AACBE1 /* hedgehog0.png */; };
		121EC1121893EB6D00AACBE1 /* hedgehog1.png in Resources */ = {isa = PBXBuildFile; fileRef = 121EC06E1893EB6C00AACBE1 /* hedgehog1.png */; };
		121EC1131893EB6D00AACBE1 /* hedgehog2.png in Resources */ = {isa = PBXBuildFile; fileRef = 121EC06F1893EB6C00AACBE1 /* hedgehog2.png */; };
		121EC1141893EB6D00AACBE1 /* hedgehog3.png in Resources */ = {isa = PBXBuildFile; fileRef = 121EC0701893EB6C00AACBE1 /* hedgehog3.png */; };
		121EC1151893EB6D00AACBE1 /* hedgehog4.png in Resources */ = {isa = PBXBuildFile; fileRef = 121EC0711893EB6C00AACBE1 /* hedgehog4.png */; };
		121EC1161893EB6D00AACBE1 /* icecream0.png in Resources */ = {isa = PBXBuildFile; fileRef = 121EC0721893EB6C00AACBE1 /* icecream0.png */; };
		121EC1171893EB6D00AACBE1 /* icecream1.png in Resources */ = {isa = PBXBuildFile; fileRef = 121EC0731893EB6C00AACBE1 /* icecream1.png */; };
		121EC1181893EB6D00AACBE1 /* icecream2.png in Resources */ = {isa = PBXBuildFile; fileRef = 121EC0741893EB6C00AACBE1 /* icecream2.png */; };
		121EC1191893EB6D00AACBE1 /* icecream3.png in Resources */ = {isa = PBXBuildFile; fileRef = 121EC0751893EB6C00AACBE1 /* icecream3.png */; };
		121EC11A1893EB6D00AACBE1 /* icecream4.png in Resources */ = {isa = PBXBuildFile; fileRef = 121EC0761893EB6C00AACBE1 /* icecream4.png */; };
		121EC11B1893EB6D00AACBE1 /* lamp0.png in Resources */ = {isa = PBXBuildFile; fileRef = 121EC0771893EB6C00AACBE1 /* lamp0.png */; };
		121EC11C1893EB6D00AACBE1 /* lamp1.png in Resources */ = {isa = PBXBuildFile; fileRef = 121EC0781893EB6C00AACBE1 /* lamp1.png */; };
		121EC11D1893EB6D00AACBE1 /* lamp2.png in Resources */ = {isa = PBXBuildFile; fileRef = 121EC0791893EB6C00AACBE1 /* lamp2.png */; };
		121EC11E1893EB6D00AACBE1 /* lamp3.png in Resources */ = {isa = PBXBuildFile; fileRef = 121EC07A1893EB6C00AACBE1 /* lamp3.png */; };
		121EC11F1893EB6D00AACBE1 /* lamp4.png in Resources */ = {isa = PBXBuildFile; fileRef = 121EC07B1893EB6C00AACBE1 /* lamp4.png */; };
		121EC1201893EB6D00AACBE1 /* lion0.png in Resources */ = {isa = PBXBuildFile; fileRef = 121EC07C1893EB6C00AACBE1 /* lion0.png */; };
		121EC1211893EB6D00AACBE1 /* lion1.png in Resources */ = {isa = PBXBuildFile; fileRef = 121EC07D1893EB6C00AACBE1 /* lion1.png */; };
		121EC1221893EB6D00AACBE1 /* lion2.png in Resources */ = {isa = PBXBuildFile; fileRef = 121EC07E1893EB6C00AACBE1 /* lion2.png */; };
		121EC1231893EB6D00AACBE1 /* lion3.png in Resources */ = {isa = PBXBuildFile; fileRef = 121EC07F1893EB6C00AACBE1 /* lion3.png */; };
		121EC1241893EB6D00AACBE1 /* lion4.png in Resources */ = {isa = PBXBuildFile; fileRef = 121EC0801893EB6C00AACBE1 /* lion4.png */; };
		121EC1251893EB6D00AACBE1 /* lotusroot1.png in Resources */ = {isa = PBXBuildFile; fileRef = 121EC0811893EB6C00AACBE1 /* lotusroot1.png */; };
		121EC1261893EB6D00AACBE1 /* lotusroot2.png in Resources */ = {isa = PBXBuildFile; fileRef = 121EC0821893EB6C00AACBE1 /* lotusroot2.png */; };
		121EC1271893EB6D00AACBE1 /* lotusroot3.png in Resources */ = {isa = PBXBuildFile; fileRef = 121EC0831893EB6D00AACBE1 /* lotusroot3.png */; };
		121EC1281893EB6D00AACBE1 /* lotusroot4.png in Resources */ = {isa = PBXBuildFile; fileRef = 121EC0841893EB6D00AACBE1 /* lotusroot4.png */; };
		121EC1291893EB6D00AACBE1 /* mashroom0.png in Resources */ = {isa = PBXBuildFile; fileRef = 121EC0851893EB6D00AACBE1 /* mashroom0.png */; };
		121EC12A1893EB6D00AACBE1 /* mashroom1.png in Resources */ = {isa = PBXBuildFile; fileRef = 121EC0861893EB6D00AACBE1 /* mashroom1.png */; };
		121EC12B1893EB6D00AACBE1 /* mashroom2.png in Resources */ = {isa = PBXBuildFile; fileRef = 121EC0871893EB6D00AACBE1 /* mashroom2.png */; };
		121EC12C1893EB6D00AACBE1 /* mashroom3.png in Resources */ = {isa = PBXBuildFile; fileRef = 121EC0881893EB6D00AACBE1 /* mashroom3.png */; };
		121EC12D1893EB6D00AACBE1 /* mashroom4.png in Resources */ = {isa = PBXBuildFile; fileRef = 121EC0891893EB6D00AACBE1 /* mashroom4.png */; };
		121EC12E1893EB6D00AACBE1 /* monkey0.png in Resources */ = {isa = PBXBuildFile; fileRef = 121EC08A1893EB6D00AACBE1 /* monkey0.png */; };
		121EC12F1893EB6D00AACBE1 /* monkey1.png in Resources */ = {isa = PBXBuildFile; fileRef = 121EC08B1893EB6D00AACBE1 /* monkey1.png */; };
		121EC1301893EB6D00AACBE1 /* monkey2.png in Resources */ = {isa = PBXBuildFile; fileRef = 121EC08C1893EB6D00AACBE1 /* monkey2.png */; };
		121EC1311893EB6D00AACBE1 /* monkey3.png in Resources */ = {isa = PBXBuildFile; fileRef = 121EC08D1893EB6D00AACBE1 /* monkey3.png */; };
		121EC1321893EB6D00AACBE1 /* monkey4.png in Resources */ = {isa = PBXBuildFile; fileRef = 121EC08E1893EB6D00AACBE1 /* monkey4.png */; };
		121EC1331893EB6D00AACBE1 /* pineapple0.png in Resources */ = {isa = PBXBuildFile; fileRef = 121EC08F1893EB6D00AACBE1 /* pineapple0.png */; };
		121EC1341893EB6D00AACBE1 /* pineapple1.png in Resources */ = {isa = PBXBuildFile; fileRef = 121EC0901893EB6D00AACBE1 /* pineapple1.png */; };
		121EC1351893EB6D00AACBE1 /* pineapple2.png in Resources */ = {isa = PBXBuildFile; fileRef = 121EC0911893EB6D00AACBE1 /* pineapple2.png */; };
		121EC1361893EB6D00AACBE1 /* pineapple3.png in Resources */ = {isa = PBXBuildFile; fileRef = 121EC0921893EB6D00AACBE1 /* pineapple3.png */; };
		121EC1371893EB6D00AACBE1 /* pineapple4.png in Resources */ = {isa = PBXBuildFile; fileRef = 121EC0931893EB6D00AACBE1 /* pineapple4.png */; };
		121EC1381893EB6D00AACBE1 /* pomegranate0.png in Resources */ = {isa = PBXBuildFile; fileRef = 121EC0941893EB6D00AACBE1 /* pomegranate0.png */; };
		121EC1391893EB6D00AACBE1 /* pomegranate1.png in Resources */ = {isa = PBXBuildFile; fileRef = 121EC0951893EB6D00AACBE1 /* pomegranate1.png */; };
		121EC13A1893EB6D00AACBE1 /* pomegranate2.png in Resources */ = {isa = PBXBuildFile; fileRef = 121EC0961893EB6D00AACBE1 /* pomegranate2.png */; };
		121EC13B1893EB6D00AACBE1 /* pomegranate3.png in Resources */ = {isa = PBXBuildFile; fileRef = 121EC0971893EB6D00AACBE1 /* pomegranate3.png */; };
		121EC13C1893EB6D00AACBE1 /* pomegranate4.png in Resources */ = {isa = PBXBuildFile; fileRef = 121EC0981893EB6D00AACBE1 /* pomegranate4.png */; };
		121EC13D1893EB6D00AACBE1 /* pumpkin0.png in Resources */ = {isa = PBXBuildFile; fileRef = 121EC0991893EB6D00AACBE1 /* pumpkin0.png */; };
		121EC13E1893EB6D00AACBE1 /* pumpkin1.png in Resources */ = {isa = PBXBuildFile; fileRef = 121EC09A1893EB6D00AACBE1 /* pumpkin1.png */; };
		121EC13F1893EB6D00AACBE1 /* pumpkin2.png in Resources */ = {isa = PBXBuildFile; fileRef = 121EC09B1893EB6D00AACBE1 /* pumpkin2.png */; };
		121EC1401893EB6D00AACBE1 /* pumpkin3.png in Resources */ = {isa = PBXBuildFile; fileRef = 121EC09C1893EB6D00AACBE1 /* pumpkin3.png */; };
		121EC1411893EB6D00AACBE1 /* pumpkin4.png in Resources */ = {isa = PBXBuildFile; fileRef = 121EC09D1893EB6D00AACBE1 /* pumpkin4.png */; };
		121EC1421893EB6D00AACBE1 /* rabbit0.png in Resources */ = {isa = PBXBuildFile; fileRef = 121EC09E1893EB6D00AACBE1 /* rabbit0.png */; };
		121EC1431893EB6D00AACBE1 /* rabbit1.png in Resources */ = {isa = PBXBuildFile; fileRef = 121EC09F1893EB6D00AACBE1 /* rabbit1.png */; };
		121EC1441893EB6D00AACBE1 /* rabbit2.png in Resources */ = {isa = PBXBuildFile; fileRef = 121EC0A01893EB6D00AACBE1 /* rabbit2.png */; };
		121EC1451893EB6D00AACBE1 /* rabbit3.png in Resources */ = {isa = PBXBuildFile; fileRef = 121EC0A11893EB6D00AACBE1 /* rabbit3.png */; };
		121EC1461893EB6D00AACBE1 /* rabbit4.png in Resources */ = {isa = PBXBuildFile; fileRef = 121EC0A21893EB6D00AACBE1 /* rabbit4.png */; };
		121EC1471893EB6D00AACBE1 /* snake0.png in Resources */ = {isa = PBXBuildFile; fileRef = 121EC0A31893EB6D00AACBE1 /* snake0.png */; };
		121EC1481893EB6D00AACBE1 /* snake1.png in Resources */ = {isa = PBXBuildFile; fileRef = 121EC0A41893EB6D00AACBE1 /* snake1.png */; };
		121EC1491893EB6D00AACBE1 /* snake2.png in Resources */ = {isa = PBXBuildFile; fileRef = 121EC0A51893EB6D00AACBE1 /* snake2.png */; };
		121EC14A1893EB6D00AACBE1 /* snake3.png in Resources */ = {isa = PBXBuildFile; fileRef = 121EC0A61893EB6D00AACBE1 /* snake3.png */; };
		121EC14B1893EB6D00AACBE1 /* snake4.png in Resources */ = {isa = PBXBuildFile; fileRef = 121EC0A71893EB6D00AACBE1 /* snake4.png */; };
		121EC14C1893EB6D00AACBE1 /* sunflower0.png in Resources */ = {isa = PBXBuildFile; fileRef = 121EC0A81893EB6D00AACBE1 /* sunflower0.png */; };
		121EC14D1893EB6D00AACBE1 /* sunflower1.png in Resources */ = {isa = PBXBuildFile; fileRef = 121EC0A91893EB6D00AACBE1 /* sunflower1.png */; };
		121EC14E1893EB6D00AACBE1 /* sunflower2.png in Resources */ = {isa = PBXBuildFile; fileRef = 121EC0AA1893EB6D00AACBE1 /* sunflower2.png */; };
		121EC14F1893EB6D00AACBE1 /* sunflower3.png in Resources */ = {isa = PBXBuildFile; fileRef = 121EC0AB1893EB6D00AACBE1 /* sunflower3.png */; };
		121EC1501893EB6D00AACBE1 /* sunflower4.png in Resources */ = {isa = PBXBuildFile; fileRef = 121EC0AC1893EB6D00AACBE1 /* sunflower4.png */; };
		121EC1511893EB6D00AACBE1 /* turtle0.png in Resources */ = {isa = PBXBuildFile; fileRef = 121EC0AD1893EB6D00AACBE1 /* turtle0.png */; };
		121EC1521893EB6D00AACBE1 /* turtle1.png in Resources */ = {isa = PBXBuildFile; fileRef = 121EC0AE1893EB6D00AACBE1 /* turtle1.png */; };
		121EC1531893EB6D00AACBE1 /* turtle2.png in Resources */ = {isa = PBXBuildFile; fileRef = 121EC0AF1893EB6D00AACBE1 /* turtle2.png */; };
		121EC1541893EB6D00AACBE1 /* turtle3.png in Resources */ = {isa = PBXBuildFile; fileRef = 121EC0B01893EB6D00AACBE1 /* turtle3.png */; };
		121EC1551893EB6D00AACBE1 /* turtle4.png in Resources */ = {isa = PBXBuildFile; fileRef = 121EC0B11893EB6D00AACBE1 /* turtle4.png */; };
		121EC1561893EB6D00AACBE1 /* whale0.png in Resources */ = {isa = PBXBuildFile; fileRef = 121EC0B21893EB6D00AACBE1 /* whale0.png */; };
		121EC1571893EB6D00AACBE1 /* whale1.png in Resources */ = {isa = PBXBuildFile; fileRef = 121EC0B31893EB6D00AACBE1 /* whale1.png */; };
		121EC1581893EB6D00AACBE1 /* whale2.png in Resources */ = {isa = PBXBuildFile; fileRef = 121EC0B41893EB6D00AACBE1 /* whale2.png */; };
		121EC1591893EB6D00AACBE1 /* whale3.png in Resources */ = {isa = PBXBuildFile; fileRef = 121EC0B51893EB6D00AACBE1 /* whale3.png */; };
		121EC15A1893EB6D00AACBE1 /* whale4.png in Resources */ = {isa = PBXBuildFile; fileRef = 121EC0B61893EB6D00AACBE1 /* whale4.png */; };
		121EC15C1893ECE500AACBE1 /* lotusroot0.png in Resources */ = {isa = PBXBuildFile; fileRef = 121EC15B1893ECE500AACBE1 /* lotusroot0.png */; };
		121EC15E1893EDED00AACBE1 /* carbbage1.png in Resources */ = {isa = PBXBuildFile; fileRef = 121EC15D1893EDED00AACBE1 /* carbbage1.png */; };
		123E3971188E9882008B7257 /* Foundation.framework in Frameworks */ = {isa = PBXBuildFile; fileRef = 123E3970188E9882008B7257 /* Foundation.framework */; };
		123E3973188E9882008B7257 /* CoreGraphics.framework in Frameworks */ = {isa = PBXBuildFile; fileRef = 123E3972188E9882008B7257 /* CoreGraphics.framework */; };
		123E3975188E9882008B7257 /* UIKit.framework in Frameworks */ = {isa = PBXBuildFile; fileRef = 123E3974188E9882008B7257 /* UIKit.framework */; };
		123E397B188E9882008B7257 /* InfoPlist.strings in Resources */ = {isa = PBXBuildFile; fileRef = 123E3979188E9882008B7257 /* InfoPlist.strings */; };
		123E397D188E9882008B7257 /* main.m in Sources */ = {isa = PBXBuildFile; fileRef = 123E397C188E9882008B7257 /* main.m */; };
		123E3981188E9882008B7257 /* AppDelegate.m in Sources */ = {isa = PBXBuildFile; fileRef = 123E3980188E9882008B7257 /* AppDelegate.m */; };
		123E3984188E9882008B7257 /* Main_iPhone.storyboard in Resources */ = {isa = PBXBuildFile; fileRef = 123E3982188E9882008B7257 /* Main_iPhone.storyboard */; };
		123E3987188E9882008B7257 /* Main_iPad.storyboard in Resources */ = {isa = PBXBuildFile; fileRef = 123E3985188E9882008B7257 /* Main_iPad.storyboard */; };
		123E398A188E9882008B7257 /* ViewController.m in Sources */ = {isa = PBXBuildFile; fileRef = 123E3989188E9882008B7257 /* ViewController.m */; };
		123E398C188E9882008B7257 /* Images.xcassets in Resources */ = {isa = PBXBuildFile; fileRef = 123E398B188E9882008B7257 /* Images.xcassets */; };
		123E3993188E9882008B7257 /* XCTest.framework in Frameworks */ = {isa = PBXBuildFile; fileRef = 123E3992188E9882008B7257 /* XCTest.framework */; };
		123E3994188E9882008B7257 /* Foundation.framework in Frameworks */ = {isa = PBXBuildFile; fileRef = 123E3970188E9882008B7257 /* Foundation.framework */; };
		123E3995188E9882008B7257 /* UIKit.framework in Frameworks */ = {isa = PBXBuildFile; fileRef = 123E3974188E9882008B7257 /* UIKit.framework */; };
		123E399D188E9882008B7257 /* InfoPlist.strings in Resources */ = {isa = PBXBuildFile; fileRef = 123E399B188E9882008B7257 /* InfoPlist.strings */; };
		123E399F188E9882008B7257 /* KidDrawingTests.m in Sources */ = {isa = PBXBuildFile; fileRef = 123E399E188E9882008B7257 /* KidDrawingTests.m */; };
		123E39CD188E9AB6008B7257 /* FileLists.plist in Resources */ = {isa = PBXBuildFile; fileRef = 123E39CC188E9AB6008B7257 /* FileLists.plist */; };
		123E39D0188E9B44008B7257 /* ImageViewCell.m in Sources */ = {isa = PBXBuildFile; fileRef = 123E39CF188E9B44008B7257 /* ImageViewCell.m */; };
		123E39D3188EAD91008B7257 /* DetailsViewController.m in Sources */ = {isa = PBXBuildFile; fileRef = 123E39D2188EAD91008B7257 /* DetailsViewController.m */; };
		12FC56B31895240100ADD6EF /* Default-568h@2x.png in Resources */ = {isa = PBXBuildFile; fileRef = 12FC56B11895240100ADD6EF /* Default-568h@2x.png */; };
		12FC56BD18952AB500ADD6EF /* Icon@2x.png in Resources */ = {isa = PBXBuildFile; fileRef = 12FC56BC18952AB500ADD6EF /* Icon@2x.png */; };
		12FC56BF1895CDD600ADD6EF /* icon40@2x.png in Resources */ = {isa = PBXBuildFile; fileRef = 12FC56BE1895CDD600ADD6EF /* icon40@2x.png */; };
		12FC56C11895CE2800ADD6EF /* icon29@2x.png in Resources */ = {isa = PBXBuildFile; fileRef = 12FC56C01895CE2800ADD6EF /* icon29@2x.png */; };
/* End PBXBuildFile section */

/* Begin PBXContainerItemProxy section */
		123E3996188E9882008B7257 /* PBXContainerItemProxy */ = {
			isa = PBXContainerItemProxy;
			containerPortal = 123E3965188E9882008B7257 /* Project object */;
			proxyType = 1;
			remoteGlobalIDString = 123E396C188E9882008B7257;
			remoteInfo = KidDrawing;
		};
/* End PBXContainerItemProxy section */

/* Begin PBXFileReference section */
		120CD65E189A528A0021DAE2 /* Default-480h@2x.png */ = {isa = PBXFileReference; lastKnownFileType = image.png; path = "Default-480h@2x.png"; sourceTree = "<group>"; };
		121EC0131893EB6C00AACBE1 /* ballon0.png */ = {isa = PBXFileReference; lastKnownFileType = image.png; path = ballon0.png; sourceTree = "<group>"; };
		121EC0141893EB6C00AACBE1 /* ballon1.png */ = {isa = PBXFileReference; lastKnownFileType = image.png; path = ballon1.png; sourceTree = "<group>"; };
		121EC0151893EB6C00AACBE1 /* ballon2.png */ = {isa = PBXFileReference; lastKnownFileType = image.png; path = ballon2.png; sourceTree = "<group>"; };
		121EC0161893EB6C00AACBE1 /* ballon3.png */ = {isa = PBXFileReference; lastKnownFileType = image.png; path = ballon3.png; sourceTree = "<group>"; };
		121EC0171893EB6C00AACBE1 /* ballon4.png */ = {isa = PBXFileReference; lastKnownFileType = image.png; path = ballon4.png; sourceTree = "<group>"; };
		121EC0181893EB6C00AACBE1 /* bambooshoot1.png */ = {isa = PBXFileReference; lastKnownFileType = image.png; path = bambooshoot1.png; sourceTree = "<group>"; };
		121EC0191893EB6C00AACBE1 /* bambooshoot2.png */ = {isa = PBXFileReference; lastKnownFileType = image.png; path = bambooshoot2.png; sourceTree = "<group>"; };
		121EC01A1893EB6C00AACBE1 /* bambooshoot3.png */ = {isa = PBXFileReference; lastKnownFileType = image.png; path = bambooshoot3.png; sourceTree = "<group>"; };
		121EC01B1893EB6C00AACBE1 /* bambooshoot4.png */ = {isa = PBXFileReference; lastKnownFileType = image.png; path = bambooshoot4.png; sourceTree = "<group>"; };
		121EC01C1893EB6C00AACBE1 /* bambooshoot0.png */ = {isa = PBXFileReference; lastKnownFileType = image.png; path = bambooshoot0.png; sourceTree = "<group>"; };
		121EC01D1893EB6C00AACBE1 /* banana0.png */ = {isa = PBXFileReference; lastKnownFileType = image.png; path = banana0.png; sourceTree = "<group>"; };
		121EC01E1893EB6C00AACBE1 /* banana1.png */ = {isa = PBXFileReference; lastKnownFileType = image.png; path = banana1.png; sourceTree = "<group>"; };
		121EC01F1893EB6C00AACBE1 /* banana2.png */ = {isa = PBXFileReference; lastKnownFileType = image.png; path = banana2.png; sourceTree = "<group>"; };
		121EC0201893EB6C00AACBE1 /* banana3.png */ = {isa = PBXFileReference; lastKnownFileType = image.png; path = banana3.png; sourceTree = "<group>"; };
		121EC0211893EB6C00AACBE1 /* banana4.png */ = {isa = PBXFileReference; lastKnownFileType = image.png; path = banana4.png; sourceTree = "<group>"; };
		121EC0221893EB6C00AACBE1 /* basket0.png */ = {isa = PBXFileReference; lastKnownFileType = image.png; path = basket0.png; sourceTree = "<group>"; };
		121EC0231893EB6C00AACBE1 /* basket1.png */ = {isa = PBXFileReference; lastKnownFileType = image.png; path = basket1.png; sourceTree = "<group>"; };
		121EC0241893EB6C00AACBE1 /* basket2.png */ = {isa = PBXFileReference; lastKnownFileType = image.png; path = basket2.png; sourceTree = "<group>"; };
		121EC0251893EB6C00AACBE1 /* basket3.png */ = {isa = PBXFileReference; lastKnownFileType = image.png; path = basket3.png; sourceTree = "<group>"; };
		121EC0261893EB6C00AACBE1 /* basket4.png */ = {isa = PBXFileReference; lastKnownFileType = image.png; path = basket4.png; sourceTree = "<group>"; };
		121EC0271893EB6C00AACBE1 /* basketball0.png */ = {isa = PBXFileReference; lastKnownFileType = image.png; path = basketball0.png; sourceTree = "<group>"; };
		121EC0281893EB6C00AACBE1 /* basketball1.png */ = {isa = PBXFileReference; lastKnownFileType = image.png; path = basketball1.png; sourceTree = "<group>"; };
		121EC0291893EB6C00AACBE1 /* basketball2.png */ = {isa = PBXFileReference; lastKnownFileType = image.png; path = basketball2.png; sourceTree = "<group>"; };
		121EC02A1893EB6C00AACBE1 /* basketball3.png */ = {isa = PBXFileReference; lastKnownFileType = image.png; path = basketball3.png; sourceTree = "<group>"; };
		121EC02B1893EB6C00AACBE1 /* basketball4.png */ = {isa = PBXFileReference; lastKnownFileType = image.png; path = basketball4.png; sourceTree = "<group>"; };
		121EC02C1893EB6C00AACBE1 /* bear0.png */ = {isa = PBXFileReference; lastKnownFileType = image.png; path = bear0.png; sourceTree = "<group>"; };
		121EC02D1893EB6C00AACBE1 /* bear1.png */ = {isa = PBXFileReference; lastKnownFileType = image.png; path = bear1.png; sourceTree = "<group>"; };
		121EC02E1893EB6C00AACBE1 /* bear2.png */ = {isa = PBXFileReference; lastKnownFileType = image.png; path = bear2.png; sourceTree = "<group>"; };
		121EC02F1893EB6C00AACBE1 /* bear3.png */ = {isa = PBXFileReference; lastKnownFileType = image.png; path = bear3.png; sourceTree = "<group>"; };
		121EC0301893EB6C00AACBE1 /* bear4.png */ = {isa = PBXFileReference; lastKnownFileType = image.png; path = bear4.png; sourceTree = "<group>"; };
		121EC0311893EB6C00AACBE1 /* cabbage1.png */ = {isa = PBXFileReference; lastKnownFileType = image.png; path = cabbage1.png; sourceTree = "<group>"; };
		121EC0321893EB6C00AACBE1 /* car10.png */ = {isa = PBXFileReference; lastKnownFileType = image.png; path = car10.png; sourceTree = "<group>"; };
		121EC0331893EB6C00AACBE1 /* car11.png */ = {isa = PBXFileReference; lastKnownFileType = image.png; path = car11.png; sourceTree = "<group>"; };
		121EC0341893EB6C00AACBE1 /* car12.png */ = {isa = PBXFileReference; lastKnownFileType = image.png; path = car12.png; sourceTree = "<group>"; };
		121EC0351893EB6C00AACBE1 /* car13.png */ = {isa = PBXFileReference; lastKnownFileType = image.png; path = car13.png; sourceTree = "<group>"; };
		121EC0361893EB6C00AACBE1 /* car14.png */ = {isa = PBXFileReference; lastKnownFileType = image.png; path = car14.png; sourceTree = "<group>"; };
		121EC0371893EB6C00AACBE1 /* carbbage0.png */ = {isa = PBXFileReference; lastKnownFileType = image.png; path = carbbage0.png; sourceTree = "<group>"; };
		121EC0381893EB6C00AACBE1 /* carbbage2.png */ = {isa = PBXFileReference; lastKnownFileType = image.png; path = carbbage2.png; sourceTree = "<group>"; };
		121EC0391893EB6C00AACBE1 /* carbbage3.png */ = {isa = PBXFileReference; lastKnownFileType = image.png; path = carbbage3.png; sourceTree = "<group>"; };
		121EC03A1893EB6C00AACBE1 /* carbbage4.png */ = {isa = PBXFileReference; lastKnownFileType = image.png; path = carbbage4.png; sourceTree = "<group>"; };
		121EC03B1893EB6C00AACBE1 /* carrot0.png */ = {isa = PBXFileReference; lastKnownFileType = image.png; path = carrot0.png; sourceTree = "<group>"; };
		121EC03C1893EB6C00AACBE1 /* carrot1.png */ = {isa = PBXFileReference; lastKnownFileType = image.png; path = carrot1.png; sourceTree = "<group>"; };
		121EC03D1893EB6C00AACBE1 /* carrot2.png */ = {isa = PBXFileReference; lastKnownFileType = image.png; path = carrot2.png; sourceTree = "<group>"; };
		121EC03E1893EB6C00AACBE1 /* carrot3.png */ = {isa = PBXFileReference; lastKnownFileType = image.png; path = carrot3.png; sourceTree = "<group>"; };
		121EC03F1893EB6C00AACBE1 /* carrot4.png */ = {isa = PBXFileReference; lastKnownFileType = image.png; path = carrot4.png; sourceTree = "<group>"; };
		121EC0401893EB6C00AACBE1 /* cherry0.png */ = {isa = PBXFileReference; lastKnownFileType = image.png; path = cherry0.png; sourceTree = "<group>"; };
		121EC0411893EB6C00AACBE1 /* cherry1.png */ = {isa = PBXFileReference; lastKnownFileType = image.png; path = cherry1.png; sourceTree = "<group>"; };
		121EC0421893EB6C00AACBE1 /* cherry2.png */ = {isa = PBXFileReference; lastKnownFileType = image.png; path = cherry2.png; sourceTree = "<group>"; };
		121EC0431893EB6C00AACBE1 /* cherry3.png */ = {isa = PBXFileReference; lastKnownFileType = image.png; path = cherry3.png; sourceTree = "<group>"; };
		121EC0441893EB6C00AACBE1 /* cherry4.png */ = {isa = PBXFileReference; lastKnownFileType = image.png; path = cherry4.png; sourceTree = "<group>"; };
		121EC0451893EB6C00AACBE1 /* clock0.png */ = {isa = PBXFileReference; lastKnownFileType = image.png; path = clock0.png; sourceTree = "<group>"; };
		121EC0461893EB6C00AACBE1 /* clock1.png */ = {isa = PBXFileReference; lastKnownFileType = image.png; path = clock1.png; sourceTree = "<group>"; };
		121EC0471893EB6C00AACBE1 /* clock2.png */ = {isa = PBXFileReference; lastKnownFileType = image.png; path = clock2.png; sourceTree = "<group>"; };
		121EC0481893EB6C00AACBE1 /* clock3.png */ = {isa = PBXFileReference; lastKnownFileType = image.png; path = clock3.png; sourceTree = "<group>"; };
		121EC0491893EB6C00AACBE1 /* clock4.png */ = {isa = PBXFileReference; lastKnownFileType = image.png; path = clock4.png; sourceTree = "<group>"; };
		121EC04A1893EB6C00AACBE1 /* cup0.png */ = {isa = PBXFileReference; lastKnownFileType = image.png; path = cup0.png; sourceTree = "<group>"; };
		121EC04B1893EB6C00AACBE1 /* cup1.png */ = {isa = PBXFileReference; lastKnownFileType = image.png; path = cup1.png; sourceTree = "<group>"; };
		121EC04C1893EB6C00AACBE1 /* cup2.png */ = {isa = PBXFileReference; lastKnownFileType = image.png; path = cup2.png; sourceTree = "<group>"; };
		121EC04D1893EB6C00AACBE1 /* cup3.png */ = {isa = PBXFileReference; lastKnownFileType = image.png; path = cup3.png; sourceTree = "<group>"; };
		121EC04E1893EB6C00AACBE1 /* cup4.png */ = {isa = PBXFileReference; lastKnownFileType = image.png; path = cup4.png; sourceTree = "<group>"; };
		121EC04F1893EB6C00AACBE1 /* drum0.png */ = {isa = PBXFileReference; lastKnownFileType = image.png; path = drum0.png; sourceTree = "<group>"; };
		121EC0501893EB6C00AACBE1 /* drum1.png */ = {isa = PBXFileReference; lastKnownFileType = image.png; path = drum1.png; sourceTree = "<group>"; };
		121EC0511893EB6C00AACBE1 /* drum2.png */ = {isa = PBXFileReference; lastKnownFileType = image.png; path = drum2.png; sourceTree = "<group>"; };
		121EC0521893EB6C00AACBE1 /* drum3.png */ = {isa = PBXFileReference; lastKnownFileType = image.png; path = drum3.png; sourceTree = "<group>"; };
		121EC0531893EB6C00AACBE1 /* drum4.png */ = {isa = PBXFileReference; lastKnownFileType = image.png; path = drum4.png; sourceTree = "<group>"; };
		121EC0541893EB6C00AACBE1 /* eggplant0.png */ = {isa = PBXFileReference; lastKnownFileType = image.png; path = eggplant0.png; sourceTree = "<group>"; };
		121EC0551893EB6C00AACBE1 /* eggplant1.png */ = {isa = PBXFileReference; lastKnownFileType = image.png; path = eggplant1.png; sourceTree = "<group>"; };
		121EC0561893EB6C00AACBE1 /* eggplant2.png */ = {isa = PBXFileReference; lastKnownFileType = image.png; path = eggplant2.png; sourceTree = "<group>"; };
		121EC0571893EB6C00AACBE1 /* eggplant3.png */ = {isa = PBXFileReference; lastKnownFileType = image.png; path = eggplant3.png; sourceTree = "<group>"; };
		121EC0581893EB6C00AACBE1 /* eggplant4.png */ = {isa = PBXFileReference; lastKnownFileType = image.png; path = eggplant4.png; sourceTree = "<group>"; };
		121EC0591893EB6C00AACBE1 /* elephant0.png */ = {isa = PBXFileReference; lastKnownFileType = image.png; path = elephant0.png; sourceTree = "<group>"; };
		121EC05A1893EB6C00AACBE1 /* elephant1.png */ = {isa = PBXFileReference; lastKnownFileType = image.png; path = elephant1.png; sourceTree = "<group>"; };
		121EC05B1893EB6C00AACBE1 /* elephant2.png */ = {isa = PBXFileReference; lastKnownFileType = image.png; path = elephant2.png; sourceTree = "<group>"; };
		121EC05C1893EB6C00AACBE1 /* elephant3.png */ = {isa = PBXFileReference; lastKnownFileType = image.png; path = elephant3.png; sourceTree = "<group>"; };
		121EC05D1893EB6C00AACBE1 /* elephant4.png */ = {isa = PBXFileReference; lastKnownFileType = image.png; path = elephant4.png; sourceTree = "<group>"; };
		121EC05E1893EB6C00AACBE1 /* fan0.png */ = {isa = PBXFileReference; lastKnownFileType = image.png; path = fan0.png; sourceTree = "<group>"; };
		121EC05F1893EB6C00AACBE1 /* fan1.png */ = {isa = PBXFileReference; lastKnownFileType = image.png; path = fan1.png; sourceTree = "<group>"; };
		121EC0601893EB6C00AACBE1 /* fan2.png */ = {isa = PBXFileReference; lastKnownFileType = image.png; path = fan2.png; sourceTree = "<group>"; };
		121EC0611893EB6C00AACBE1 /* fan3.png */ = {isa = PBXFileReference; lastKnownFileType = image.png; path = fan3.png; sourceTree = "<group>"; };
		121EC0621893EB6C00AACBE1 /* fan4.png */ = {isa = PBXFileReference; lastKnownFileType = image.png; path = fan4.png; sourceTree = "<group>"; };
		121EC0631893EB6C00AACBE1 /* garlic0.png */ = {isa = PBXFileReference; lastKnownFileType = image.png; path = garlic0.png; sourceTree = "<group>"; };
		121EC0641893EB6C00AACBE1 /* garlic1.png */ = {isa = PBXFileReference; lastKnownFileType = image.png; path = garlic1.png; sourceTree = "<group>"; };
		121EC0651893EB6C00AACBE1 /* garlic2.png */ = {isa = PBXFileReference; lastKnownFileType = image.png; path = garlic2.png; sourceTree = "<group>"; };
		121EC0661893EB6C00AACBE1 /* garlic3.png */ = {isa = PBXFileReference; lastKnownFileType = image.png; path = garlic3.png; sourceTree = "<group>"; };
		121EC0671893EB6C00AACBE1 /* garlic4.png */ = {isa = PBXFileReference; lastKnownFileType = image.png; path = garlic4.png; sourceTree = "<group>"; };
		121EC0681893EB6C00AACBE1 /* grape0.png */ = {isa = PBXFileReference; lastKnownFileType = image.png; path = grape0.png; sourceTree = "<group>"; };
		121EC0691893EB6C00AACBE1 /* grape1.png */ = {isa = PBXFileReference; lastKnownFileType = image.png; path = grape1.png; sourceTree = "<group>"; };
		121EC06A1893EB6C00AACBE1 /* grape2.png */ = {isa = PBXFileReference; lastKnownFileType = image.png; path = grape2.png; sourceTree = "<group>"; };
		121EC06B1893EB6C00AACBE1 /* grape3.png */ = {isa = PBXFileReference; lastKnownFileType = image.png; path = grape3.png; sourceTree = "<group>"; };
		121EC06C1893EB6C00AACBE1 /* grape4.png */ = {isa = PBXFileReference; lastKnownFileType = image.png; path = grape4.png; sourceTree = "<group>"; };
		121EC06D1893EB6C00AACBE1 /* hedgehog0.png */ = {isa = PBXFileReference; lastKnownFileType = image.png; path = hedgehog0.png; sourceTree = "<group>"; };
		121EC06E1893EB6C00AACBE1 /* hedgehog1.png */ = {isa = PBXFileReference; lastKnownFileType = image.png; path = hedgehog1.png; sourceTree = "<group>"; };
		121EC06F1893EB6C00AACBE1 /* hedgehog2.png */ = {isa = PBXFileReference; lastKnownFileType = image.png; path = hedgehog2.png; sourceTree = "<group>"; };
		121EC0701893EB6C00AACBE1 /* hedgehog3.png */ = {isa = PBXFileReference; lastKnownFileType = image.png; path = hedgehog3.png; sourceTree = "<group>"; };
		121EC0711893EB6C00AACBE1 /* hedgehog4.png */ = {isa = PBXFileReference; lastKnownFileType = image.png; path = hedgehog4.png; sourceTree = "<group>"; };
		121EC0721893EB6C00AACBE1 /* icecream0.png */ = {isa = PBXFileReference; lastKnownFileType = image.png; path = icecream0.png; sourceTree = "<group>"; };
		121EC0731893EB6C00AACBE1 /* icecream1.png */ = {isa = PBXFileReference; lastKnownFileType = image.png; path = icecream1.png; sourceTree = "<group>"; };
		121EC0741893EB6C00AACBE1 /* icecream2.png */ = {isa = PBXFileReference; lastKnownFileType = image.png; path = icecream2.png; sourceTree = "<group>"; };
		121EC0751893EB6C00AACBE1 /* icecream3.png */ = {isa = PBXFileReference; lastKnownFileType = image.png; path = icecream3.png; sourceTree = "<group>"; };
		121EC0761893EB6C00AACBE1 /* icecream4.png */ = {isa = PBXFileReference; lastKnownFileType = image.png; path = icecream4.png; sourceTree = "<group>"; };
		121EC0771893EB6C00AACBE1 /* lamp0.png */ = {isa = PBXFileReference; lastKnownFileType = image.png; path = lamp0.png; sourceTree = "<group>"; };
		121EC0781893EB6C00AACBE1 /* lamp1.png */ = {isa = PBXFileReference; lastKnownFileType = image.png; path = lamp1.png; sourceTree = "<group>"; };
		121EC0791893EB6C00AACBE1 /* lamp2.png */ = {isa = PBXFileReference; lastKnownFileType = image.png; path = lamp2.png; sourceTree = "<group>"; };
		121EC07A1893EB6C00AACBE1 /* lamp3.png */ = {isa = PBXFileReference; lastKnownFileType = image.png; path = lamp3.png; sourceTree = "<group>"; };
		121EC07B1893EB6C00AACBE1 /* lamp4.png */ = {isa = PBXFileReference; lastKnownFileType = image.png; path = lamp4.png; sourceTree = "<group>"; };
		121EC07C1893EB6C00AACBE1 /* lion0.png */ = {isa = PBXFileReference; lastKnownFileType = image.png; path = lion0.png; sourceTree = "<group>"; };
		121EC07D1893EB6C00AACBE1 /* lion1.png */ = {isa = PBXFileReference; lastKnownFileType = image.png; path = lion1.png; sourceTree = "<group>"; };
		121EC07E1893EB6C00AACBE1 /* lion2.png */ = {isa = PBXFileReference; lastKnownFileType = image.png; path = lion2.png; sourceTree = "<group>"; };
		121EC07F1893EB6C00AACBE1 /* lion3.png */ = {isa = PBXFileReference; lastKnownFileType = image.png; path = lion3.png; sourceTree = "<group>"; };
		121EC0801893EB6C00AACBE1 /* lion4.png */ = {isa = PBXFileReference; lastKnownFileType = image.png; path = lion4.png; sourceTree = "<group>"; };
		121EC0811893EB6C00AACBE1 /* lotusroot1.png */ = {isa = PBXFileReference; lastKnownFileType = image.png; path = lotusroot1.png; sourceTree = "<group>"; };
		121EC0821893EB6C00AACBE1 /* lotusroot2.png */ = {isa = PBXFileReference; lastKnownFileType = image.png; path = lotusroot2.png; sourceTree = "<group>"; };
		121EC0831893EB6D00AACBE1 /* lotusroot3.png */ = {isa = PBXFileReference; lastKnownFileType = image.png; path = lotusroot3.png; sourceTree = "<group>"; };
		121EC0841893EB6D00AACBE1 /* lotusroot4.png */ = {isa = PBXFileReference; lastKnownFileType = image.png; path = lotusroot4.png; sourceTree = "<group>"; };
		121EC0851893EB6D00AACBE1 /* mashroom0.png */ = {isa = PBXFileReference; lastKnownFileType = image.png; path = mashroom0.png; sourceTree = "<group>"; };
		121EC0861893EB6D00AACBE1 /* mashroom1.png */ = {isa = PBXFileReference; lastKnownFileType = image.png; path = mashroom1.png; sourceTree = "<group>"; };
		121EC0871893EB6D00AACBE1 /* mashroom2.png */ = {isa = PBXFileReference; lastKnownFileType = image.png; path = mashroom2.png; sourceTree = "<group>"; };
		121EC0881893EB6D00AACBE1 /* mashroom3.png */ = {isa = PBXFileReference; lastKnownFileType = image.png; path = mashroom3.png; sourceTree = "<group>"; };
		121EC0891893EB6D00AACBE1 /* mashroom4.png */ = {isa = PBXFileReference; lastKnownFileType = image.png; path = mashroom4.png; sourceTree = "<group>"; };
		121EC08A1893EB6D00AACBE1 /* monkey0.png */ = {isa = PBXFileReference; lastKnownFileType = image.png; path = monkey0.png; sourceTree = "<group>"; };
		121EC08B1893EB6D00AACBE1 /* monkey1.png */ = {isa = PBXFileReference; lastKnownFileType = image.png; path = monkey1.png; sourceTree = "<group>"; };
		121EC08C1893EB6D00AACBE1 /* monkey2.png */ = {isa = PBXFileReference; lastKnownFileType = image.png; path = monkey2.png; sourceTree = "<group>"; };
		121EC08D1893EB6D00AACBE1 /* monkey3.png */ = {isa = PBXFileReference; lastKnownFileType = image.png; path = monkey3.png; sourceTree = "<group>"; };
		121EC08E1893EB6D00AACBE1 /* monkey4.png */ = {isa = PBXFileReference; lastKnownFileType = image.png; path = monkey4.png; sourceTree = "<group>"; };
		121EC08F1893EB6D00AACBE1 /* pineapple0.png */ = {isa = PBXFileReference; lastKnownFileType = image.png; path = pineapple0.png; sourceTree = "<group>"; };
		121EC0901893EB6D00AACBE1 /* pineapple1.png */ = {isa = PBXFileReference; lastKnownFileType = image.png; path = pineapple1.png; sourceTree = "<group>"; };
		121EC0911893EB6D00AACBE1 /* pineapple2.png */ = {isa = PBXFileReference; lastKnownFileType = image.png; path = pineapple2.png; sourceTree = "<group>"; };
		121EC0921893EB6D00AACBE1 /* pineapple3.png */ = {isa = PBXFileReference; lastKnownFileType = image.png; path = pineapple3.png; sourceTree = "<group>"; };
		121EC0931893EB6D00AACBE1 /* pineapple4.png */ = {isa = PBXFileReference; lastKnownFileType = image.png; path = pineapple4.png; sourceTree = "<group>"; };
		121EC0941893EB6D00AACBE1 /* pomegranate0.png */ = {isa = PBXFileReference; lastKnownFileType = image.png; path = pomegranate0.png; sourceTree = "<group>"; };
		121EC0951893EB6D00AACBE1 /* pomegranate1.png */ = {isa = PBXFileReference; lastKnownFileType = image.png; path = pomegranate1.png; sourceTree = "<group>"; };
		121EC0961893EB6D00AACBE1 /* pomegranate2.png */ = {isa = PBXFileReference; lastKnownFileType = image.png; path = pomegranate2.png; sourceTree = "<group>"; };
		121EC0971893EB6D00AACBE1 /* pomegranate3.png */ = {isa = PBXFileReference; lastKnownFileType = image.png; path = pomegranate3.png; sourceTree = "<group>"; };
		121EC0981893EB6D00AACBE1 /* pomegranate4.png */ = {isa = PBXFileReference; lastKnownFileType = image.png; path = pomegranate4.png; sourceTree = "<group>"; };
		121EC0991893EB6D00AACBE1 /* pumpkin0.png */ = {isa = PBXFileReference; lastKnownFileType = image.png; path = pumpkin0.png; sourceTree = "<group>"; };
		121EC09A1893EB6D00AACBE1 /* pumpkin1.png */ = {isa = PBXFileReference; lastKnownFileType = image.png; path = pumpkin1.png; sourceTree = "<group>"; };
		121EC09B1893EB6D00AACBE1 /* pumpkin2.png */ = {isa = PBXFileReference; lastKnownFileType = image.png; path = pumpkin2.png; sourceTree = "<group>"; };
		121EC09C1893EB6D00AACBE1 /* pumpkin3.png */ = {isa = PBXFileReference; lastKnownFileType = image.png; path = pumpkin3.png; sourceTree = "<group>"; };
		121EC09D1893EB6D00AACBE1 /* pumpkin4.png */ = {isa = PBXFileReference; lastKnownFileType = image.png; path = pumpkin4.png; sourceTree = "<group>"; };
		121EC09E1893EB6D00AACBE1 /* rabbit0.png */ = {isa = PBXFileReference; lastKnownFileType = image.png; path = rabbit0.png; sourceTree = "<group>"; };
		121EC09F1893EB6D00AACBE1 /* rabbit1.png */ = {isa = PBXFileReference; lastKnownFileType = image.png; path = rabbit1.png; sourceTree = "<group>"; };
		121EC0A01893EB6D00AACBE1 /* rabbit2.png */ = {isa = PBXFileReference; lastKnownFileType = image.png; path = rabbit2.png; sourceTree = "<group>"; };
		121EC0A11893EB6D00AACBE1 /* rabbit3.png */ = {isa = PBXFileReference; lastKnownFileType = image.png; path = rabbit3.png; sourceTree = "<group>"; };
		121EC0A21893EB6D00AACBE1 /* rabbit4.png */ = {isa = PBXFileReference; lastKnownFileType = image.png; path = rabbit4.png; sourceTree = "<group>"; };
		121EC0A31893EB6D00AACBE1 /* snake0.png */ = {isa = PBXFileReference; lastKnownFileType = image.png; path = snake0.png; sourceTree = "<group>"; };
		121EC0A41893EB6D00AACBE1 /* snake1.png */ = {isa = PBXFileReference; lastKnownFileType = image.png; path = snake1.png; sourceTree = "<group>"; };
		121EC0A51893EB6D00AACBE1 /* snake2.png */ = {isa = PBXFileReference; lastKnownFileType = image.png; path = snake2.png; sourceTree = "<group>"; };
		121EC0A61893EB6D00AACBE1 /* snake3.png */ = {isa = PBXFileReference; lastKnownFileType = image.png; path = snake3.png; sourceTree = "<group>"; };
		121EC0A71893EB6D00AACBE1 /* snake4.png */ = {isa = PBXFileReference; lastKnownFileType = image.png; path = snake4.png; sourceTree = "<group>"; };
		121EC0A81893EB6D00AACBE1 /* sunflower0.png */ = {isa = PBXFileReference; lastKnownFileType = image.png; path = sunflower0.png; sourceTree = "<group>"; };
		121EC0A91893EB6D00AACBE1 /* sunflower1.png */ = {isa = PBXFileReference; lastKnownFileType = image.png; path = sunflower1.png; sourceTree = "<group>"; };
		121EC0AA1893EB6D00AACBE1 /* sunflower2.png */ = {isa = PBXFileReference; lastKnownFileType = image.png; path = sunflower2.png; sourceTree = "<group>"; };
		121EC0AB1893EB6D00AACBE1 /* sunflower3.png */ = {isa = PBXFileReference; lastKnownFileType = image.png; path = sunflower3.png; sourceTree = "<group>"; };
		121EC0AC1893EB6D00AACBE1 /* sunflower4.png */ = {isa = PBXFileReference; lastKnownFileType = image.png; path = sunflower4.png; sourceTree = "<group>"; };
		121EC0AD1893EB6D00AACBE1 /* turtle0.png */ = {isa = PBXFileReference; lastKnownFileType = image.png; path = turtle0.png; sourceTree = "<group>"; };
		121EC0AE1893EB6D00AACBE1 /* turtle1.png */ = {isa = PBXFileReference; lastKnownFileType = image.png; path = turtle1.png; sourceTree = "<group>"; };
		121EC0AF1893EB6D00AACBE1 /* turtle2.png */ = {isa = PBXFileReference; lastKnownFileType = image.png; path = turtle2.png; sourceTree = "<group>"; };
		121EC0B01893EB6D00AACBE1 /* turtle3.png */ = {isa = PBXFileReference; lastKnownFileType = image.png; path = turtle3.png; sourceTree = "<group>"; };
		121EC0B11893EB6D00AACBE1 /* turtle4.png */ = {isa = PBXFileReference; lastKnownFileType = image.png; path = turtle4.png; sourceTree = "<group>"; };
		121EC0B21893EB6D00AACBE1 /* whale0.png */ = {isa = PBXFileReference; lastKnownFileType = image.png; path = whale0.png; sourceTree = "<group>"; };
		121EC0B31893EB6D00AACBE1 /* whale1.png */ = {isa = PBXFileReference; lastKnownFileType = image.png; path = whale1.png; sourceTree = "<group>"; };
		121EC0B41893EB6D00AACBE1 /* whale2.png */ = {isa = PBXFileReference; lastKnownFileType = image.png; path = whale2.png; sourceTree = "<group>"; };
		121EC0B51893EB6D00AACBE1 /* whale3.png */ = {isa = PBXFileReference; lastKnownFileType = image.png; path = whale3.png; sourceTree = "<group>"; };
		121EC0B61893EB6D00AACBE1 /* whale4.png */ = {isa = PBXFileReference; lastKnownFileType = image.png; path = whale4.png; sourceTree = "<group>"; };
		121EC15B1893ECE500AACBE1 /* lotusroot0.png */ = {isa = PBXFileReference; lastKnownFileType = image.png; path = lotusroot0.png; sourceTree = "<group>"; };
		121EC15D1893EDED00AACBE1 /* carbbage1.png */ = {isa = PBXFileReference; lastKnownFileType = image.png; path = carbbage1.png; sourceTree = "<group>"; };
		123E396D188E9882008B7257 /* Drawing4Kids.app */ = {isa = PBXFileReference; explicitFileType = wrapper.application; includeInIndex = 0; path = Drawing4Kids.app; sourceTree = BUILT_PRODUCTS_DIR; };
		123E3970188E9882008B7257 /* Foundation.framework */ = {isa = PBXFileReference; lastKnownFileType = wrapper.framework; name = Foundation.framework; path = System/Library/Frameworks/Foundation.framework; sourceTree = SDKROOT; };
		123E3972188E9882008B7257 /* CoreGraphics.framework */ = {isa = PBXFileReference; lastKnownFileType = wrapper.framework; name = CoreGraphics.framework; path = System/Library/Frameworks/CoreGraphics.framework; sourceTree = SDKROOT; };
		123E3974188E9882008B7257 /* UIKit.framework */ = {isa = PBXFileReference; lastKnownFileType = wrapper.framework; name = UIKit.framework; path = System/Library/Frameworks/UIKit.framework; sourceTree = SDKROOT; };
		123E3978188E9882008B7257 /* KidDrawing-Info.plist */ = {isa = PBXFileReference; lastKnownFileType = text.plist.xml; path = "KidDrawing-Info.plist"; sourceTree = "<group>"; };
		123E397A188E9882008B7257 /* en */ = {isa = PBXFileReference; lastKnownFileType = text.plist.strings; name = en; path = en.lproj/InfoPlist.strings; sourceTree = "<group>"; };
		123E397C188E9882008B7257 /* main.m */ = {isa = PBXFileReference; lastKnownFileType = sourcecode.c.objc; path = main.m; sourceTree = "<group>"; };
		123E397E188E9882008B7257 /* KidDrawing-Prefix.pch */ = {isa = PBXFileReference; lastKnownFileType = sourcecode.c.h; path = "KidDrawing-Prefix.pch"; sourceTree = "<group>"; };
		123E397F188E9882008B7257 /* AppDelegate.h */ = {isa = PBXFileReference; lastKnownFileType = sourcecode.c.h; path = AppDelegate.h; sourceTree = "<group>"; };
		123E3980188E9882008B7257 /* AppDelegate.m */ = {isa = PBXFileReference; lastKnownFileType = sourcecode.c.objc; path = AppDelegate.m; sourceTree = "<group>"; };
		123E3983188E9882008B7257 /* Base */ = {isa = PBXFileReference; lastKnownFileType = file.storyboard; name = Base; path = Base.lproj/Main_iPhone.storyboard; sourceTree = "<group>"; };
		123E3986188E9882008B7257 /* Base */ = {isa = PBXFileReference; lastKnownFileType = file.storyboard; name = Base; path = Base.lproj/Main_iPad.storyboard; sourceTree = "<group>"; };
		123E3988188E9882008B7257 /* ViewController.h */ = {isa = PBXFileReference; lastKnownFileType = sourcecode.c.h; path = ViewController.h; sourceTree = "<group>"; };
		123E3989188E9882008B7257 /* ViewController.m */ = {isa = PBXFileReference; lastKnownFileType = sourcecode.c.objc; path = ViewController.m; sourceTree = "<group>"; };
		123E398B188E9882008B7257 /* Images.xcassets */ = {isa = PBXFileReference; lastKnownFileType = folder.assetcatalog; path = Images.xcassets; sourceTree = "<group>"; };
		123E3991188E9882008B7257 /* KidDrawingTests.xctest */ = {isa = PBXFileReference; explicitFileType = wrapper.cfbundle; includeInIndex = 0; path = KidDrawingTests.xctest; sourceTree = BUILT_PRODUCTS_DIR; };
		123E3992188E9882008B7257 /* XCTest.framework */ = {isa = PBXFileReference; lastKnownFileType = wrapper.framework; name = XCTest.framework; path = Library/Frameworks/XCTest.framework; sourceTree = DEVELOPER_DIR; };
		123E399A188E9882008B7257 /* KidDrawingTests-Info.plist */ = {isa = PBXFileReference; lastKnownFileType = text.plist.xml; path = "KidDrawingTests-Info.plist"; sourceTree = "<group>"; };
		123E399C188E9882008B7257 /* en */ = {isa = PBXFileReference; lastKnownFileType = text.plist.strings; name = en; path = en.lproj/InfoPlist.strings; sourceTree = "<group>"; };
		123E399E188E9882008B7257 /* KidDrawingTests.m */ = {isa = PBXFileReference; lastKnownFileType = sourcecode.c.objc; path = KidDrawingTests.m; sourceTree = "<group>"; };
		123E39CC188E9AB6008B7257 /* FileLists.plist */ = {isa = PBXFileReference; fileEncoding = 4; lastKnownFileType = text.plist.xml; path = FileLists.plist; sourceTree = "<group>"; };
		123E39CE188E9B44008B7257 /* ImageViewCell.h */ = {isa = PBXFileReference; fileEncoding = 4; lastKnownFileType = sourcecode.c.h; path = ImageViewCell.h; sourceTree = "<group>"; };
		123E39CF188E9B44008B7257 /* ImageViewCell.m */ = {isa = PBXFileReference; fileEncoding = 4; lastKnownFileType = sourcecode.c.objc; path = ImageViewCell.m; sourceTree = "<group>"; };
		123E39D1188EAD91008B7257 /* DetailsViewController.h */ = {isa = PBXFileReference; fileEncoding = 4; lastKnownFileType = sourcecode.c.h; path = DetailsViewController.h; sourceTree = "<group>"; };
		123E39D2188EAD91008B7257 /* DetailsViewController.m */ = {isa = PBXFileReference; fileEncoding = 4; lastKnownFileType = sourcecode.c.objc; path = DetailsViewController.m; sourceTree = "<group>"; };
		12FC56B11895240100ADD6EF /* Default-568h@2x.png */ = {isa = PBXFileReference; lastKnownFileType = image.png; path = "Default-568h@2x.png"; sourceTree = "<group>"; };
		12FC56BC18952AB500ADD6EF /* Icon@2x.png */ = {isa = PBXFileReference; lastKnownFileType = image.png; path = "Icon@2x.png"; sourceTree = "<group>"; };
		12FC56BE1895CDD600ADD6EF /* icon40@2x.png */ = {isa = PBXFileReference; lastKnownFileType = image.png; path = "icon40@2x.png"; sourceTree = "<group>"; };
		12FC56C01895CE2800ADD6EF /* icon29@2x.png */ = {isa = PBXFileReference; lastKnownFileType = image.png; path = "icon29@2x.png"; sourceTree = "<group>"; };
/* End PBXFileReference section */

/* Begin PBXFrameworksBuildPhase section */
		123E396A188E9882008B7257 /* Frameworks */ = {
			isa = PBXFrameworksBuildPhase;
			buildActionMask = 2147483647;
			files = (
				123E3973188E9882008B7257 /* CoreGraphics.framework in Frameworks */,
				123E3975188E9882008B7257 /* UIKit.framework in Frameworks */,
				123E3971188E9882008B7257 /* Foundation.framework in Frameworks */,
			);
			runOnlyForDeploymentPostprocessing = 0;
		};
		123E398E188E9882008B7257 /* Frameworks */ = {
			isa = PBXFrameworksBuildPhase;
			buildActionMask = 2147483647;
			files = (
				123E3993188E9882008B7257 /* XCTest.framework in Frameworks */,
				123E3995188E9882008B7257 /* UIKit.framework in Frameworks */,
				123E3994188E9882008B7257 /* Foundation.framework in Frameworks */,
			);
			runOnlyForDeploymentPostprocessing = 0;
		};
/* End PBXFrameworksBuildPhase section */

/* Begin PBXGroup section */
		123E3964188E9882008B7257 = {
			isa = PBXGroup;
			children = (
				123E3976188E9882008B7257 /* KidDrawing */,
				123E3998188E9882008B7257 /* KidDrawingTests */,
				123E396F188E9882008B7257 /* Frameworks */,
				123E396E188E9882008B7257 /* Products */,
			);
			sourceTree = "<group>";
		};
		123E396E188E9882008B7257 /* Products */ = {
			isa = PBXGroup;
			children = (
				123E396D188E9882008B7257 /* Drawing4Kids.app */,
				123E3991188E9882008B7257 /* KidDrawingTests.xctest */,
			);
			name = Products;
			sourceTree = "<group>";
		};
		123E396F188E9882008B7257 /* Frameworks */ = {
			isa = PBXGroup;
			children = (
				123E3970188E9882008B7257 /* Foundation.framework */,
				123E3972188E9882008B7257 /* CoreGraphics.framework */,
				123E3974188E9882008B7257 /* UIKit.framework */,
				123E3992188E9882008B7257 /* XCTest.framework */,
			);
			name = Frameworks;
			sourceTree = "<group>";
		};
		123E3976188E9882008B7257 /* KidDrawing */ = {
			isa = PBXGroup;
			children = (
				123E39CE188E9B44008B7257 /* ImageViewCell.h */,
				123E39CF188E9B44008B7257 /* ImageViewCell.m */,
				123E397F188E9882008B7257 /* AppDelegate.h */,
				123E3980188E9882008B7257 /* AppDelegate.m */,
				123E3982188E9882008B7257 /* Main_iPhone.storyboard */,
				123E3985188E9882008B7257 /* Main_iPad.storyboard */,
				123E39D1188EAD91008B7257 /* DetailsViewController.h */,
				123E39D2188EAD91008B7257 /* DetailsViewController.m */,
				123E3988188E9882008B7257 /* ViewController.h */,
				123E3989188E9882008B7257 /* ViewController.m */,
				123E398B188E9882008B7257 /* Images.xcassets */,
				123E3977188E9882008B7257 /* Supporting Files */,
			);
			path = KidDrawing;
			sourceTree = "<group>";
		};
		123E3977188E9882008B7257 /* Supporting Files */ = {
			isa = PBXGroup;
			children = (
				120CD65E189A528A0021DAE2 /* Default-480h@2x.png */,
				12FC56C01895CE2800ADD6EF /* icon29@2x.png */,
				12FC56BE1895CDD600ADD6EF /* icon40@2x.png */,
				12FC56BC18952AB500ADD6EF /* Icon@2x.png */,
				12FC56B11895240100ADD6EF /* Default-568h@2x.png */,
				121EC0131893EB6C00AACBE1 /* ballon0.png */,
				121EC0141893EB6C00AACBE1 /* ballon1.png */,
				121EC0151893EB6C00AACBE1 /* ballon2.png */,
				121EC0161893EB6C00AACBE1 /* ballon3.png */,
				121EC0171893EB6C00AACBE1 /* ballon4.png */,
				121EC0181893EB6C00AACBE1 /* bambooshoot1.png */,
				121EC0191893EB6C00AACBE1 /* bambooshoot2.png */,
				121EC01A1893EB6C00AACBE1 /* bambooshoot3.png */,
				121EC01B1893EB6C00AACBE1 /* bambooshoot4.png */,
				121EC01C1893EB6C00AACBE1 /* bambooshoot0.png */,
				121EC01D1893EB6C00AACBE1 /* banana0.png */,
				121EC01E1893EB6C00AACBE1 /* banana1.png */,
				121EC01F1893EB6C00AACBE1 /* banana2.png */,
				121EC0201893EB6C00AACBE1 /* banana3.png */,
				121EC0211893EB6C00AACBE1 /* banana4.png */,
				121EC0221893EB6C00AACBE1 /* basket0.png */,
				121EC0231893EB6C00AACBE1 /* basket1.png */,
				121EC0241893EB6C00AACBE1 /* basket2.png */,
				121EC0251893EB6C00AACBE1 /* basket3.png */,
				121EC0261893EB6C00AACBE1 /* basket4.png */,
				121EC0271893EB6C00AACBE1 /* basketball0.png */,
				121EC0281893EB6C00AACBE1 /* basketball1.png */,
				121EC0291893EB6C00AACBE1 /* basketball2.png */,
				121EC02A1893EB6C00AACBE1 /* basketball3.png */,
				121EC02B1893EB6C00AACBE1 /* basketball4.png */,
				121EC02C1893EB6C00AACBE1 /* bear0.png */,
				121EC02D1893EB6C00AACBE1 /* bear1.png */,
				121EC02E1893EB6C00AACBE1 /* bear2.png */,
				121EC02F1893EB6C00AACBE1 /* bear3.png */,
				121EC0301893EB6C00AACBE1 /* bear4.png */,
				121EC0311893EB6C00AACBE1 /* cabbage1.png */,
				121EC0321893EB6C00AACBE1 /* car10.png */,
				121EC0331893EB6C00AACBE1 /* car11.png */,
				121EC0341893EB6C00AACBE1 /* car12.png */,
				121EC0351893EB6C00AACBE1 /* car13.png */,
				121EC0361893EB6C00AACBE1 /* car14.png */,
				121EC0371893EB6C00AACBE1 /* carbbage0.png */,
				121EC15D1893EDED00AACBE1 /* carbbage1.png */,
				121EC0381893EB6C00AACBE1 /* carbbage2.png */,
				121EC0391893EB6C00AACBE1 /* carbbage3.png */,
				121EC03A1893EB6C00AACBE1 /* carbbage4.png */,
				121EC03B1893EB6C00AACBE1 /* carrot0.png */,
				121EC03C1893EB6C00AACBE1 /* carrot1.png */,
				121EC03D1893EB6C00AACBE1 /* carrot2.png */,
				121EC03E1893EB6C00AACBE1 /* carrot3.png */,
				121EC03F1893EB6C00AACBE1 /* carrot4.png */,
				121EC0401893EB6C00AACBE1 /* cherry0.png */,
				121EC0411893EB6C00AACBE1 /* cherry1.png */,
				121EC0421893EB6C00AACBE1 /* cherry2.png */,
				121EC0431893EB6C00AACBE1 /* cherry3.png */,
				121EC0441893EB6C00AACBE1 /* cherry4.png */,
				121EC0451893EB6C00AACBE1 /* clock0.png */,
				121EC0461893EB6C00AACBE1 /* clock1.png */,
				121EC0471893EB6C00AACBE1 /* clock2.png */,
				121EC0481893EB6C00AACBE1 /* clock3.png */,
				121EC0491893EB6C00AACBE1 /* clock4.png */,
				121EC04A1893EB6C00AACBE1 /* cup0.png */,
				121EC04B1893EB6C00AACBE1 /* cup1.png */,
				121EC04C1893EB6C00AACBE1 /* cup2.png */,
				121EC04D1893EB6C00AACBE1 /* cup3.png */,
				121EC04E1893EB6C00AACBE1 /* cup4.png */,
				121EC04F1893EB6C00AACBE1 /* drum0.png */,
				121EC0501893EB6C00AACBE1 /* drum1.png */,
				121EC0511893EB6C00AACBE1 /* drum2.png */,
				121EC0521893EB6C00AACBE1 /* drum3.png */,
				121EC0531893EB6C00AACBE1 /* drum4.png */,
				121EC0541893EB6C00AACBE1 /* eggplant0.png */,
				121EC0551893EB6C00AACBE1 /* eggplant1.png */,
				121EC0561893EB6C00AACBE1 /* eggplant2.png */,
				121EC0571893EB6C00AACBE1 /* eggplant3.png */,
				121EC0581893EB6C00AACBE1 /* eggplant4.png */,
				121EC0591893EB6C00AACBE1 /* elephant0.png */,
				121EC05A1893EB6C00AACBE1 /* elephant1.png */,
				121EC05B1893EB6C00AACBE1 /* elephant2.png */,
				121EC05C1893EB6C00AACBE1 /* elephant3.png */,
				121EC05D1893EB6C00AACBE1 /* elephant4.png */,
				121EC05E1893EB6C00AACBE1 /* fan0.png */,
				121EC05F1893EB6C00AACBE1 /* fan1.png */,
				121EC0601893EB6C00AACBE1 /* fan2.png */,
				121EC0611893EB6C00AACBE1 /* fan3.png */,
				121EC0621893EB6C00AACBE1 /* fan4.png */,
				121EC0631893EB6C00AACBE1 /* garlic0.png */,
				121EC0641893EB6C00AACBE1 /* garlic1.png */,
				121EC0651893EB6C00AACBE1 /* garlic2.png */,
				121EC0661893EB6C00AACBE1 /* garlic3.png */,
				121EC0671893EB6C00AACBE1 /* garlic4.png */,
				121EC0681893EB6C00AACBE1 /* grape0.png */,
				121EC0691893EB6C00AACBE1 /* grape1.png */,
				121EC06A1893EB6C00AACBE1 /* grape2.png */,
				121EC06B1893EB6C00AACBE1 /* grape3.png */,
				121EC06C1893EB6C00AACBE1 /* grape4.png */,
				121EC06D1893EB6C00AACBE1 /* hedgehog0.png */,
				121EC06E1893EB6C00AACBE1 /* hedgehog1.png */,
				121EC06F1893EB6C00AACBE1 /* hedgehog2.png */,
				121EC0701893EB6C00AACBE1 /* hedgehog3.png */,
				121EC0711893EB6C00AACBE1 /* hedgehog4.png */,
				121EC0721893EB6C00AACBE1 /* icecream0.png */,
				121EC0731893EB6C00AACBE1 /* icecream1.png */,
				121EC0741893EB6C00AACBE1 /* icecream2.png */,
				121EC0751893EB6C00AACBE1 /* icecream3.png */,
				121EC0761893EB6C00AACBE1 /* icecream4.png */,
				121EC0771893EB6C00AACBE1 /* lamp0.png */,
				121EC0781893EB6C00AACBE1 /* lamp1.png */,
				121EC0791893EB6C00AACBE1 /* lamp2.png */,
				121EC07A1893EB6C00AACBE1 /* lamp3.png */,
				121EC07B1893EB6C00AACBE1 /* lamp4.png */,
				121EC07C1893EB6C00AACBE1 /* lion0.png */,
				121EC07D1893EB6C00AACBE1 /* lion1.png */,
				121EC07E1893EB6C00AACBE1 /* lion2.png */,
				121EC07F1893EB6C00AACBE1 /* lion3.png */,
				121EC0801893EB6C00AACBE1 /* lion4.png */,
				121EC15B1893ECE500AACBE1 /* lotusroot0.png */,
				121EC0811893EB6C00AACBE1 /* lotusroot1.png */,
				121EC0821893EB6C00AACBE1 /* lotusroot2.png */,
				121EC0831893EB6D00AACBE1 /* lotusroot3.png */,
				121EC0841893EB6D00AACBE1 /* lotusroot4.png */,
				121EC0851893EB6D00AACBE1 /* mashroom0.png */,
				121EC0861893EB6D00AACBE1 /* mashroom1.png */,
				121EC0871893EB6D00AACBE1 /* mashroom2.png */,
				121EC0881893EB6D00AACBE1 /* mashroom3.png */,
				121EC0891893EB6D00AACBE1 /* mashroom4.png */,
				121EC08A1893EB6D00AACBE1 /* monkey0.png */,
				121EC08B1893EB6D00AACBE1 /* monkey1.png */,
				121EC08C1893EB6D00AACBE1 /* monkey2.png */,
				121EC08D1893EB6D00AACBE1 /* monkey3.png */,
				121EC08E1893EB6D00AACBE1 /* monkey4.png */,
				121EC08F1893EB6D00AACBE1 /* pineapple0.png */,
				121EC0901893EB6D00AACBE1 /* pineapple1.png */,
				121EC0911893EB6D00AACBE1 /* pineapple2.png */,
				121EC0921893EB6D00AACBE1 /* pineapple3.png */,
				121EC0931893EB6D00AACBE1 /* pineapple4.png */,
				121EC0941893EB6D00AACBE1 /* pomegranate0.png */,
				121EC0951893EB6D00AACBE1 /* pomegranate1.png */,
				121EC0961893EB6D00AACBE1 /* pomegranate2.png */,
				121EC0971893EB6D00AACBE1 /* pomegranate3.png */,
				121EC0981893EB6D00AACBE1 /* pomegranate4.png */,
				121EC0991893EB6D00AACBE1 /* pumpkin0.png */,
				121EC09A1893EB6D00AACBE1 /* pumpkin1.png */,
				121EC09B1893EB6D00AACBE1 /* pumpkin2.png */,
				121EC09C1893EB6D00AACBE1 /* pumpkin3.png */,
				121EC09D1893EB6D00AACBE1 /* pumpkin4.png */,
				121EC09E1893EB6D00AACBE1 /* rabbit0.png */,
				121EC09F1893EB6D00AACBE1 /* rabbit1.png */,
				121EC0A01893EB6D00AACBE1 /* rabbit2.png */,
				121EC0A11893EB6D00AACBE1 /* rabbit3.png */,
				121EC0A21893EB6D00AACBE1 /* rabbit4.png */,
				121EC0A31893EB6D00AACBE1 /* snake0.png */,
				121EC0A41893EB6D00AACBE1 /* snake1.png */,
				121EC0A51893EB6D00AACBE1 /* snake2.png */,
				121EC0A61893EB6D00AACBE1 /* snake3.png */,
				121EC0A71893EB6D00AACBE1 /* snake4.png */,
				121EC0A81893EB6D00AACBE1 /* sunflower0.png */,
				121EC0A91893EB6D00AACBE1 /* sunflower1.png */,
				121EC0AA1893EB6D00AACBE1 /* sunflower2.png */,
				121EC0AB1893EB6D00AACBE1 /* sunflower3.png */,
				121EC0AC1893EB6D00AACBE1 /* sunflower4.png */,
				121EC0AD1893EB6D00AACBE1 /* turtle0.png */,
				121EC0AE1893EB6D00AACBE1 /* turtle1.png */,
				121EC0AF1893EB6D00AACBE1 /* turtle2.png */,
				121EC0B01893EB6D00AACBE1 /* turtle3.png */,
				121EC0B11893EB6D00AACBE1 /* turtle4.png */,
				121EC0B21893EB6D00AACBE1 /* whale0.png */,
				121EC0B31893EB6D00AACBE1 /* whale1.png */,
				121EC0B41893EB6D00AACBE1 /* whale2.png */,
				121EC0B51893EB6D00AACBE1 /* whale3.png */,
				121EC0B61893EB6D00AACBE1 /* whale4.png */,
				123E39CC188E9AB6008B7257 /* FileLists.plist */,
				123E3978188E9882008B7257 /* KidDrawing-Info.plist */,
				123E3979188E9882008B7257 /* InfoPlist.strings */,
				123E397C188E9882008B7257 /* main.m */,
				123E397E188E9882008B7257 /* KidDrawing-Prefix.pch */,
			);
			name = "Supporting Files";
			sourceTree = "<group>";
		};
		123E3998188E9882008B7257 /* KidDrawingTests */ = {
			isa = PBXGroup;
			children = (
				123E399E188E9882008B7257 /* KidDrawingTests.m */,
				123E3999188E9882008B7257 /* Supporting Files */,
			);
			path = KidDrawingTests;
			sourceTree = "<group>";
		};
		123E3999188E9882008B7257 /* Supporting Files */ = {
			isa = PBXGroup;
			children = (
				123E399A188E9882008B7257 /* KidDrawingTests-Info.plist */,
				123E399B188E9882008B7257 /* InfoPlist.strings */,
			);
			name = "Supporting Files";
			sourceTree = "<group>";
		};
/* End PBXGroup section */

/* Begin PBXNativeTarget section */
		123E396C188E9882008B7257 /* KidDrawing */ = {
			isa = PBXNativeTarget;
			buildConfigurationList = 123E39A2188E9882008B7257 /* Build configuration list for PBXNativeTarget "KidDrawing" */;
			buildPhases = (
				123E3969188E9882008B7257 /* Sources */,
				123E396A188E9882008B7257 /* Frameworks */,
				123E396B188E9882008B7257 /* Resources */,
			);
			buildRules = (
			);
			dependencies = (
			);
			name = KidDrawing;
			productName = KidDrawing;
			productReference = 123E396D188E9882008B7257 /* Drawing4Kids.app */;
			productType = "com.apple.product-type.application";
		};
		123E3990188E9882008B7257 /* KidDrawingTests */ = {
			isa = PBXNativeTarget;
			buildConfigurationList = 123E39A5188E9882008B7257 /* Build configuration list for PBXNativeTarget "KidDrawingTests" */;
			buildPhases = (
				123E398D188E9882008B7257 /* Sources */,
				123E398E188E9882008B7257 /* Frameworks */,
				123E398F188E9882008B7257 /* Resources */,
			);
			buildRules = (
			);
			dependencies = (
				123E3997188E9882008B7257 /* PBXTargetDependency */,
			);
			name = KidDrawingTests;
			productName = KidDrawingTests;
			productReference = 123E3991188E9882008B7257 /* KidDrawingTests.xctest */;
			productType = "com.apple.product-type.bundle.unit-test";
		};
/* End PBXNativeTarget section */

/* Begin PBXProject section */
		123E3965188E9882008B7257 /* Project object */ = {
			isa = PBXProject;
			attributes = {
				LastUpgradeCheck = 0500;
				ORGANIZATIONNAME = "Kaven Feng";
				TargetAttributes = {
					123E396C188E9882008B7257 = {
						DevelopmentTeam = 66XE799M3H;
					};
					123E3990188E9882008B7257 = {
						TestTargetID = 123E396C188E9882008B7257;
					};
				};
			};
			buildConfigurationList = 123E3968188E9882008B7257 /* Build configuration list for PBXProject "KidDrawing" */;
			compatibilityVersion = "Xcode 3.2";
			developmentRegion = English;
			hasScannedForEncodings = 0;
			knownRegions = (
				en,
				Base,
			);
			mainGroup = 123E3964188E9882008B7257;
			productRefGroup = 123E396E188E9882008B7257 /* Products */;
			projectDirPath = "";
			projectRoot = "";
			targets = (
				123E396C188E9882008B7257 /* KidDrawing */,
				123E3990188E9882008B7257 /* KidDrawingTests */,
			);
		};
/* End PBXProject section */

/* Begin PBXResourcesBuildPhase section */
		123E396B188E9882008B7257 /* Resources */ = {
			isa = PBXResourcesBuildPhase;
			buildActionMask = 2147483647;
			files = (
				121EC1101893EB6D00AACBE1 /* grape4.png in Resources */,
				12FC56BF1895CDD600ADD6EF /* icon40@2x.png in Resources */,
				121EC15E1893EDED00AACBE1 /* carbbage1.png in Resources */,
				121EC1161893EB6D00AACBE1 /* icecream0.png in Resources */,
				121EC0B91893EB6D00AACBE1 /* ballon2.png in Resources */,
				121EC0E91893EB6D00AACBE1 /* clock0.png in Resources */,
				121EC1021893EB6D00AACBE1 /* fan0.png in Resources */,
				121EC0F01893EB6D00AACBE1 /* cup2.png in Resources */,
				121EC1291893EB6D00AACBE1 /* mashroom0.png in Resources */,
				121EC0B71893EB6D00AACBE1 /* ballon0.png in Resources */,
				121EC0C41893EB6D00AACBE1 /* banana3.png in Resources */,
				121EC1331893EB6D00AACBE1 /* pineapple0.png in Resources */,
				121EC1061893EB6D00AACBE1 /* fan4.png in Resources */,
				121EC0F41893EB6D00AACBE1 /* drum1.png in Resources */,
				121EC0E41893EB6D00AACBE1 /* cherry0.png in Resources */,
				121EC1361893EB6D00AACBE1 /* pineapple3.png in Resources */,
				121EC1521893EB6D00AACBE1 /* turtle1.png in Resources */,
				121EC1511893EB6D00AACBE1 /* turtle0.png in Resources */,
				121EC0E51893EB6D00AACBE1 /* cherry1.png in Resources */,
				121EC1111893EB6D00AACBE1 /* hedgehog0.png in Resources */,
				121EC0E21893EB6D00AACBE1 /* carrot3.png in Resources */,
				121EC12E1893EB6D00AACBE1 /* monkey0.png in Resources */,
				121EC13E1893EB6D00AACBE1 /* pumpkin1.png in Resources */,
				121EC11B1893EB6D00AACBE1 /* lamp0.png in Resources */,
				121EC1421893EB6D00AACBE1 /* rabbit0.png in Resources */,
				121EC1451893EB6D00AACBE1 /* rabbit3.png in Resources */,
				121EC0FB1893EB6D00AACBE1 /* eggplant3.png in Resources */,
				121EC1141893EB6D00AACBE1 /* hedgehog3.png in Resources */,
				121EC0D21893EB6D00AACBE1 /* bear2.png in Resources */,
				121EC0F51893EB6D00AACBE1 /* drum2.png in Resources */,
				121EC1391893EB6D00AACBE1 /* pomegranate1.png in Resources */,
				121EC0EC1893EB6D00AACBE1 /* clock3.png in Resources */,
				121EC14A1893EB6D00AACBE1 /* snake3.png in Resources */,
				121EC0CF1893EB6D00AACBE1 /* basketball4.png in Resources */,
				121EC0BC1893EB6D00AACBE1 /* bambooshoot1.png in Resources */,
				121EC0E61893EB6D00AACBE1 /* cherry2.png in Resources */,
				121EC1231893EB6D00AACBE1 /* lion3.png in Resources */,
				121EC1301893EB6D00AACBE1 /* monkey2.png in Resources */,
				123E3987188E9882008B7257 /* Main_iPad.storyboard in Resources */,
				121EC1251893EB6D00AACBE1 /* lotusroot1.png in Resources */,
				121EC0C61893EB6D00AACBE1 /* basket0.png in Resources */,
				121EC0D71893EB6D00AACBE1 /* car11.png in Resources */,
				121EC1471893EB6D00AACBE1 /* snake0.png in Resources */,
				121EC0D11893EB6D00AACBE1 /* bear1.png in Resources */,
				121EC1551893EB6D00AACBE1 /* turtle4.png in Resources */,
				12FC56BD18952AB500ADD6EF /* Icon@2x.png in Resources */,
				121EC1431893EB6D00AACBE1 /* rabbit1.png in Resources */,
				121EC1461893EB6D00AACBE1 /* rabbit4.png in Resources */,
				121EC0DE1893EB6D00AACBE1 /* carbbage4.png in Resources */,
				121EC1501893EB6D00AACBE1 /* sunflower4.png in Resources */,
				121EC11F1893EB6D00AACBE1 /* lamp4.png in Resources */,
				121EC1131893EB6D00AACBE1 /* hedgehog2.png in Resources */,
				121EC0B81893EB6D00AACBE1 /* ballon1.png in Resources */,
				121EC0EB1893EB6D00AACBE1 /* clock2.png in Resources */,
				121EC1241893EB6D00AACBE1 /* lion4.png in Resources */,
				121EC13B1893EB6D00AACBE1 /* pomegranate3.png in Resources */,
				121EC12C1893EB6D00AACBE1 /* mashroom3.png in Resources */,
				121EC1561893EB6D00AACBE1 /* whale0.png in Resources */,
				121EC0FF1893EB6D00AACBE1 /* elephant2.png in Resources */,
				123E398C188E9882008B7257 /* Images.xcassets in Resources */,
				121EC0C51893EB6D00AACBE1 /* banana4.png in Resources */,
				121EC1381893EB6D00AACBE1 /* pomegranate0.png in Resources */,
				121EC10B1893EB6D00AACBE1 /* garlic4.png in Resources */,
				121EC0E71893EB6D00AACBE1 /* cherry3.png in Resources */,
				121EC1221893EB6D00AACBE1 /* lion2.png in Resources */,
				121EC10E1893EB6D00AACBE1 /* grape2.png in Resources */,
				121EC13A1893EB6D00AACBE1 /* pomegranate2.png in Resources */,
				12FC56B31895240100ADD6EF /* Default-568h@2x.png in Resources */,
				121EC1171893EB6D00AACBE1 /* icecream1.png in Resources */,
				121EC1181893EB6D00AACBE1 /* icecream2.png in Resources */,
				121EC1441893EB6D00AACBE1 /* rabbit2.png in Resources */,
				121EC0C01893EB6D00AACBE1 /* bambooshoot0.png in Resources */,
				121EC12F1893EB6D00AACBE1 /* monkey1.png in Resources */,
				121EC1201893EB6D00AACBE1 /* lion0.png in Resources */,
				121EC1031893EB6D00AACBE1 /* fan1.png in Resources */,
				121EC10C1893EB6D00AACBE1 /* grape0.png in Resources */,
				121EC1581893EB6D00AACBE1 /* whale2.png in Resources */,
				121EC14D1893EB6D00AACBE1 /* sunflower1.png in Resources */,
				121EC1121893EB6D00AACBE1 /* hedgehog1.png in Resources */,
				121EC0D91893EB6D00AACBE1 /* car13.png in Resources */,
				121EC0CE1893EB6D00AACBE1 /* basketball3.png in Resources */,
				121EC0F71893EB6D00AACBE1 /* drum4.png in Resources */,
				121EC1071893EB6D00AACBE1 /* garlic0.png in Resources */,
				121EC1481893EB6D00AACBE1 /* snake1.png in Resources */,
				121EC0BF1893EB6D00AACBE1 /* bambooshoot4.png in Resources */,
				121EC0DA1893EB6D00AACBE1 /* car14.png in Resources */,
				120CD65F189A528A0021DAE2 /* Default-480h@2x.png in Resources */,
				121EC15A1893EB6D00AACBE1 /* whale4.png in Resources */,
				121EC14B1893EB6D00AACBE1 /* snake4.png in Resources */,
				121EC0F31893EB6D00AACBE1 /* drum0.png in Resources */,
				121EC0FD1893EB6D00AACBE1 /* elephant0.png in Resources */,
				121EC0D41893EB6D00AACBE1 /* bear4.png in Resources */,
				121EC0DC1893EB6D00AACBE1 /* carbbage2.png in Resources */,
				121EC1011893EB6D00AACBE1 /* elephant4.png in Resources */,
				121EC0DF1893EB6D00AACBE1 /* carrot0.png in Resources */,
				12FC56C11895CE2800ADD6EF /* icon29@2x.png in Resources */,
				121EC0F61893EB6D00AACBE1 /* drum3.png in Resources */,
				121EC0DB1893EB6D00AACBE1 /* carbbage0.png in Resources */,
				121EC1311893EB6D00AACBE1 /* monkey3.png in Resources */,
				121EC0D61893EB6D00AACBE1 /* car10.png in Resources */,
				121EC15C1893ECE500AACBE1 /* lotusroot0.png in Resources */,
				121EC0C91893EB6D00AACBE1 /* basket3.png in Resources */,
				121EC1151893EB6D00AACBE1 /* hedgehog4.png in Resources */,
				121EC0FC1893EB6D00AACBE1 /* eggplant4.png in Resources */,
				121EC14E1893EB6D00AACBE1 /* sunflower2.png in Resources */,
				121EC1191893EB6D00AACBE1 /* icecream3.png in Resources */,
				121EC12A1893EB6D00AACBE1 /* mashroom1.png in Resources */,
				121EC1491893EB6D00AACBE1 /* snake2.png in Resources */,
				121EC1321893EB6D00AACBE1 /* monkey4.png in Resources */,
				121EC12B1893EB6D00AACBE1 /* mashroom2.png in Resources */,
				121EC0FA1893EB6D00AACBE1 /* eggplant2.png in Resources */,
				121EC1051893EB6D00AACBE1 /* fan3.png in Resources */,
				121EC0D51893EB6D00AACBE1 /* cabbage1.png in Resources */,
				121EC1411893EB6D00AACBE1 /* pumpkin4.png in Resources */,
				121EC1571893EB6D00AACBE1 /* whale1.png in Resources */,
				121EC0E01893EB6D00AACBE1 /* carrot1.png in Resources */,
				121EC1081893EB6D00AACBE1 /* garlic1.png in Resources */,
				121EC0CC1893EB6D00AACBE1 /* basketball1.png in Resources */,
				121EC1371893EB6D00AACBE1 /* pineapple4.png in Resources */,
				121EC0CD1893EB6D00AACBE1 /* basketball2.png in Resources */,
				121EC0F91893EB6D00AACBE1 /* eggplant1.png in Resources */,
				121EC0BE1893EB6D00AACBE1 /* bambooshoot3.png in Resources */,
				121EC1001893EB6D00AACBE1 /* elephant3.png in Resources */,
				121EC0D31893EB6D00AACBE1 /* bear3.png in Resources */,
				121EC11A1893EB6D00AACBE1 /* icecream4.png in Resources */,
				123E3984188E9882008B7257 /* Main_iPhone.storyboard in Resources */,
				121EC0F21893EB6D00AACBE1 /* cup4.png in Resources */,
				121EC0BB1893EB6D00AACBE1 /* ballon4.png in Resources */,
				121EC1211893EB6D00AACBE1 /* lion1.png in Resources */,
				121EC14C1893EB6D00AACBE1 /* sunflower0.png in Resources */,
				121EC11E1893EB6D00AACBE1 /* lamp3.png in Resources */,
				121EC0C81893EB6D00AACBE1 /* basket2.png in Resources */,
				121EC12D1893EB6D00AACBE1 /* mashroom4.png in Resources */,
				121EC13C1893EB6D00AACBE1 /* pomegranate4.png in Resources */,
				121EC0C31893EB6D00AACBE1 /* banana2.png in Resources */,
				121EC0F81893EB6D00AACBE1 /* eggplant0.png in Resources */,
				121EC1531893EB6D00AACBE1 /* turtle2.png in Resources */,
				121EC1591893EB6D00AACBE1 /* whale3.png in Resources */,
				121EC0EA1893EB6D00AACBE1 /* clock1.png in Resources */,
				121EC1281893EB6D00AACBE1 /* lotusroot4.png in Resources */,
				121EC1351893EB6D00AACBE1 /* pineapple2.png in Resources */,
				121EC0EF1893EB6D00AACBE1 /* cup1.png in Resources */,
				121EC0BA1893EB6D00AACBE1 /* ballon3.png in Resources */,
				121EC1041893EB6D00AACBE1 /* fan2.png in Resources */,
				121EC11C1893EB6D00AACBE1 /* lamp1.png in Resources */,
				121EC0EE1893EB6D00AACBE1 /* cup0.png in Resources */,
				123E397B188E9882008B7257 /* InfoPlist.strings in Resources */,
				121EC1261893EB6D00AACBE1 /* lotusroot2.png in Resources */,
				121EC0D01893EB6D00AACBE1 /* bear0.png in Resources */,
				121EC0C71893EB6D00AACBE1 /* basket1.png in Resources */,
				121EC0CA1893EB6D00AACBE1 /* basket4.png in Resources */,
				121EC0C21893EB6D00AACBE1 /* banana1.png in Resources */,
				121EC0D81893EB6D00AACBE1 /* car12.png in Resources */,
				121EC11D1893EB6D00AACBE1 /* lamp2.png in Resources */,
				121EC0F11893EB6D00AACBE1 /* cup3.png in Resources */,
				121EC1341893EB6D00AACBE1 /* pineapple1.png in Resources */,
				121EC0BD1893EB6D00AACBE1 /* bambooshoot2.png in Resources */,
				121EC0E11893EB6D00AACBE1 /* carrot2.png in Resources */,
				121EC0ED1893EB6D00AACBE1 /* clock4.png in Resources */,
				121EC10A1893EB6D00AACBE1 /* garlic3.png in Resources */,
				123E39CD188E9AB6008B7257 /* FileLists.plist in Resources */,
				121EC0FE1893EB6D00AACBE1 /* elephant1.png in Resources */,
				121EC1091893EB6D00AACBE1 /* garlic2.png in Resources */,
				121EC13D1893EB6D00AACBE1 /* pumpkin0.png in Resources */,
				121EC1541893EB6D00AACBE1 /* turtle3.png in Resources */,
				121EC14F1893EB6D00AACBE1 /* sunflower3.png in Resources */,
				121EC0C11893EB6D00AACBE1 /* banana0.png in Resources */,
				121EC1271893EB6D00AACBE1 /* lotusroot3.png in Resources */,
				121EC0DD1893EB6D00AACBE1 /* carbbage3.png in Resources */,
				121EC10F1893EB6D00AACBE1 /* grape3.png in Resources */,
				121EC0E81893EB6D00AACBE1 /* cherry4.png in Resources */,
				121EC10D1893EB6D00AACBE1 /* grape1.png in Resources */,
				121EC13F1893EB6D00AACBE1 /* pumpkin2.png in Resources */,
				121EC0CB1893EB6D00AACBE1 /* basketball0.png in Resources */,
				121EC1401893EB6D00AACBE1 /* pumpkin3.png in Resources */,
				121EC0E31893EB6D00AACBE1 /* carrot4.png in Resources */,
			);
			runOnlyForDeploymentPostprocessing = 0;
		};
		123E398F188E9882008B7257 /* Resources */ = {
			isa = PBXResourcesBuildPhase;
			buildActionMask = 2147483647;
			files = (
				123E399D188E9882008B7257 /* InfoPlist.strings in Resources */,
			);
			runOnlyForDeploymentPostprocessing = 0;
		};
/* End PBXResourcesBuildPhase section */

/* Begin PBXSourcesBuildPhase section */
		123E3969188E9882008B7257 /* Sources */ = {
			isa = PBXSourcesBuildPhase;
			buildActionMask = 2147483647;
			files = (
				123E39D0188E9B44008B7257 /* ImageViewCell.m in Sources */,
				123E39D3188EAD91008B7257 /* DetailsViewController.m in Sources */,
				123E398A188E9882008B7257 /* ViewController.m in Sources */,
				123E3981188E9882008B7257 /* AppDelegate.m in Sources */,
				123E397D188E9882008B7257 /* main.m in Sources */,
			);
			runOnlyForDeploymentPostprocessing = 0;
		};
		123E398D188E9882008B7257 /* Sources */ = {
			isa = PBXSourcesBuildPhase;
			buildActionMask = 2147483647;
			files = (
				123E399F188E9882008B7257 /* KidDrawingTests.m in Sources */,
			);
			runOnlyForDeploymentPostprocessing = 0;
		};
/* End PBXSourcesBuildPhase section */

/* Begin PBXTargetDependency section */
		123E3997188E9882008B7257 /* PBXTargetDependency */ = {
			isa = PBXTargetDependency;
			target = 123E396C188E9882008B7257 /* KidDrawing */;
			targetProxy = 123E3996188E9882008B7257 /* PBXContainerItemProxy */;
		};
/* End PBXTargetDependency section */

/* Begin PBXVariantGroup section */
		123E3979188E9882008B7257 /* InfoPlist.strings */ = {
			isa = PBXVariantGroup;
			children = (
				123E397A188E9882008B7257 /* en */,
			);
			name = InfoPlist.strings;
			sourceTree = "<group>";
		};
		123E3982188E9882008B7257 /* Main_iPhone.storyboard */ = {
			isa = PBXVariantGroup;
			children = (
				123E3983188E9882008B7257 /* Base */,
			);
			name = Main_iPhone.storyboard;
			sourceTree = "<group>";
		};
		123E3985188E9882008B7257 /* Main_iPad.storyboard */ = {
			isa = PBXVariantGroup;
			children = (
				123E3986188E9882008B7257 /* Base */,
			);
			name = Main_iPad.storyboard;
			sourceTree = "<group>";
		};
		123E399B188E9882008B7257 /* InfoPlist.strings */ = {
			isa = PBXVariantGroup;
			children = (
				123E399C188E9882008B7257 /* en */,
			);
			name = InfoPlist.strings;
			sourceTree = "<group>";
		};
/* End PBXVariantGroup section */

/* Begin XCBuildConfiguration section */
		123E39A0188E9882008B7257 /* Debug */ = {
			isa = XCBuildConfiguration;
			buildSettings = {
				ALWAYS_SEARCH_USER_PATHS = NO;
				ARCHS = "$(ARCHS_STANDARD_INCLUDING_64_BIT)";
				CLANG_CXX_LANGUAGE_STANDARD = "gnu++0x";
				CLANG_CXX_LIBRARY = "libc++";
				CLANG_ENABLE_MODULES = YES;
				CLANG_ENABLE_OBJC_ARC = YES;
				CLANG_WARN_BOOL_CONVERSION = YES;
				CLANG_WARN_CONSTANT_CONVERSION = YES;
				CLANG_WARN_DIRECT_OBJC_ISA_USAGE = YES_ERROR;
				CLANG_WARN_EMPTY_BODY = YES;
				CLANG_WARN_ENUM_CONVERSION = YES;
				CLANG_WARN_INT_CONVERSION = YES;
				CLANG_WARN_OBJC_ROOT_CLASS = YES_ERROR;
				CLANG_WARN__DUPLICATE_METHOD_MATCH = YES;
				CODE_SIGN_IDENTITY = "iPhone Developer";
				"CODE_SIGN_IDENTITY[sdk=iphoneos*]" = "iPhone Developer";
				COPY_PHASE_STRIP = NO;
				GCC_C_LANGUAGE_STANDARD = gnu99;
				GCC_DYNAMIC_NO_PIC = NO;
				GCC_OPTIMIZATION_LEVEL = 0;
				GCC_PREPROCESSOR_DEFINITIONS = (
					"DEBUG=1",
					"$(inherited)",
				);
				GCC_SYMBOLS_PRIVATE_EXTERN = NO;
				GCC_WARN_64_TO_32_BIT_CONVERSION = YES;
				GCC_WARN_ABOUT_RETURN_TYPE = YES_ERROR;
				GCC_WARN_UNDECLARED_SELECTOR = YES;
				GCC_WARN_UNINITIALIZED_AUTOS = YES;
				GCC_WARN_UNUSED_FUNCTION = YES;
				GCC_WARN_UNUSED_VARIABLE = YES;
				IPHONEOS_DEPLOYMENT_TARGET = 7.0;
				ONLY_ACTIVE_ARCH = YES;
				SDKROOT = iphoneos;
				TARGETED_DEVICE_FAMILY = 1;
			};
			name = Debug;
		};
		123E39A1188E9882008B7257 /* Release */ = {
			isa = XCBuildConfiguration;
			buildSettings = {
				ALWAYS_SEARCH_USER_PATHS = NO;
				ARCHS = "$(ARCHS_STANDARD_INCLUDING_64_BIT)";
				CLANG_CXX_LANGUAGE_STANDARD = "gnu++0x";
				CLANG_CXX_LIBRARY = "libc++";
				CLANG_ENABLE_MODULES = YES;
				CLANG_ENABLE_OBJC_ARC = YES;
				CLANG_WARN_BOOL_CONVERSION = YES;
				CLANG_WARN_CONSTANT_CONVERSION = YES;
				CLANG_WARN_DIRECT_OBJC_ISA_USAGE = YES_ERROR;
				CLANG_WARN_EMPTY_BODY = YES;
				CLANG_WARN_ENUM_CONVERSION = YES;
				CLANG_WARN_INT_CONVERSION = YES;
				CLANG_WARN_OBJC_ROOT_CLASS = YES_ERROR;
				CLANG_WARN__DUPLICATE_METHOD_MATCH = YES;
				CODE_SIGN_IDENTITY = "iPhone Distribution: Kai Feng (66XE799M3H)";
				"CODE_SIGN_IDENTITY[sdk=iphoneos*]" = "iPhone Distribution: Kai Feng (66XE799M3H)";
				COPY_PHASE_STRIP = YES;
				ENABLE_NS_ASSERTIONS = NO;
				GCC_C_LANGUAGE_STANDARD = gnu99;
				GCC_WARN_64_TO_32_BIT_CONVERSION = YES;
				GCC_WARN_ABOUT_RETURN_TYPE = YES_ERROR;
				GCC_WARN_UNDECLARED_SELECTOR = YES;
				GCC_WARN_UNINITIALIZED_AUTOS = YES;
				GCC_WARN_UNUSED_FUNCTION = YES;
				GCC_WARN_UNUSED_VARIABLE = YES;
				IPHONEOS_DEPLOYMENT_TARGET = 7.0;
				SDKROOT = iphoneos;
				TARGETED_DEVICE_FAMILY = 1;
				VALIDATE_PRODUCT = YES;
			};
			name = Release;
		};
		123E39A3188E9882008B7257 /* Debug */ = {
			isa = XCBuildConfiguration;
			buildSettings = {
				ASSETCATALOG_COMPILER_APPICON_NAME = AppIcon;
				ASSETCATALOG_COMPILER_LAUNCHIMAGE_NAME = LaunchImage;
				CODE_SIGN_IDENTITY = "iPhone Developer: Kai Feng (DKNXKT7VXR)";
				"CODE_SIGN_IDENTITY[sdk=iphoneos*]" = "iPhone Developer: Kai Feng (DKNXKT7VXR)";
				GCC_PRECOMPILE_PREFIX_HEADER = YES;
				GCC_PREFIX_HEADER = "KidDrawing/KidDrawing-Prefix.pch";
				INFOPLIST_FILE = "KidDrawing/KidDrawing-Info.plist";
				IPHONEOS_DEPLOYMENT_TARGET = 7.0;
				PRODUCT_NAME = Drawing4Kids;
				PROVISIONING_PROFILE = "C4DBB148-02DC-4765-B14A-E883387FD35A";
				TARGETED_DEVICE_FAMILY = "1,2";
				WRAPPER_EXTENSION = app;
			};
			name = Debug;
		};
		123E39A4188E9882008B7257 /* Release */ = {
			isa = XCBuildConfiguration;
			buildSettings = {
				ASSETCATALOG_COMPILER_APPICON_NAME = AppIcon;
				ASSETCATALOG_COMPILER_LAUNCHIMAGE_NAME = LaunchImage;
				CODE_SIGN_IDENTITY = "iPhone Distribution: Kai Feng (66XE799M3H)";
				"CODE_SIGN_IDENTITY[sdk=iphoneos*]" = "iPhone Distribution: Kai Feng (66XE799M3H)";
				GCC_PRECOMPILE_PREFIX_HEADER = YES;
				GCC_PREFIX_HEADER = "KidDrawing/KidDrawing-Prefix.pch";
				INFOPLIST_FILE = "KidDrawing/KidDrawing-Info.plist";
				IPHONEOS_DEPLOYMENT_TARGET = 7.0;
				PRODUCT_NAME = Drawing4Kids;
				PROVISIONING_PROFILE = "C4DBB148-02DC-4765-B14A-E883387FD35A";
				TARGETED_DEVICE_FAMILY = "1,2";
				WRAPPER_EXTENSION = app;
			};
			name = Release;
		};
		123E39A6188E9882008B7257 /* Debug */ = {
			isa = XCBuildConfiguration;
			buildSettings = {
				ARCHS = "$(ARCHS_STANDARD_INCLUDING_64_BIT)";
				BUNDLE_LOADER = "$(BUILT_PRODUCTS_DIR)/KidDrawing.app/KidDrawing";
				FRAMEWORK_SEARCH_PATHS = (
					"$(SDKROOT)/Developer/Library/Frameworks",
					"$(inherited)",
					"$(DEVELOPER_FRAMEWORKS_DIR)",
				);
				GCC_PRECOMPILE_PREFIX_HEADER = YES;
				GCC_PREFIX_HEADER = "KidDrawing/KidDrawing-Prefix.pch";
				GCC_PREPROCESSOR_DEFINITIONS = (
					"DEBUG=1",
					"$(inherited)",
				);
				INFOPLIST_FILE = "KidDrawingTests/KidDrawingTests-Info.plist";
				PRODUCT_NAME = "$(TARGET_NAME)";
				TEST_HOST = "$(BUNDLE_LOADER)";
				WRAPPER_EXTENSION = xctest;
			};
			name = Debug;
		};
		123E39A7188E9882008B7257 /* Release */ = {
			isa = XCBuildConfiguration;
			buildSettings = {
				ARCHS = "$(ARCHS_STANDARD_INCLUDING_64_BIT)";
				BUNDLE_LOADER = "$(BUILT_PRODUCTS_DIR)/KidDrawing.app/KidDrawing";
				FRAMEWORK_SEARCH_PATHS = (
					"$(SDKROOT)/Developer/Library/Frameworks",
					"$(inherited)",
					"$(DEVELOPER_FRAMEWORKS_DIR)",
				);
				GCC_PRECOMPILE_PREFIX_HEADER = YES;
				GCC_PREFIX_HEADER = "KidDrawing/KidDrawing-Prefix.pch";
				INFOPLIST_FILE = "KidDrawingTests/KidDrawingTests-Info.plist";
				PRODUCT_NAME = "$(TARGET_NAME)";
				TEST_HOST = "$(BUNDLE_LOADER)";
				WRAPPER_EXTENSION = xctest;
			};
			name = Release;
		};
/* End XCBuildConfiguration section */

/* Begin XCConfigurationList section */
		123E3968188E9882008B7257 /* Build configuration list for PBXProject "KidDrawing" */ = {
			isa = XCConfigurationList;
			buildConfigurations = (
				123E39A0188E9882008B7257 /* Debug */,
				123E39A1188E9882008B7257 /* Release */,
			);
			defaultConfigurationIsVisible = 0;
			defaultConfigurationName = Release;
		};
		123E39A2188E9882008B7257 /* Build configuration list for PBXNativeTarget "KidDrawing" */ = {
			isa = XCConfigurationList;
			buildConfigurations = (
				123E39A3188E9882008B7257 /* Debug */,
				123E39A4188E9882008B7257 /* Release */,
			);
			defaultConfigurationIsVisible = 0;
			defaultConfigurationName = Release;
		};
		123E39A5188E9882008B7257 /* Build configuration list for PBXNativeTarget "KidDrawingTests" */ = {
			isa = XCConfigurationList;
			buildConfigurations = (
				123E39A6188E9882008B7257 /* Debug */,
				123E39A7188E9882008B7257 /* Release */,
			);
			defaultConfigurationIsVisible = 0;
			defaultConfigurationName = Release;
		};
/* End XCConfigurationList section */
	};
	rootObject = 123E3965188E9882008B7257 /* Project object */;
}
