// !$*UTF8*$!
{
	archiveVersion = 1;
	classes = {
	};
	objectVersion = 46;
	objects = {

/* Begin PBXBuildFile section */
		121EBEF61893868E00AACBE1 /* bambooshoot1.png in Resources */ = {isa = PBXBuildFile; fileRef = 121EBEF11893868E00AACBE1 /* bambooshoot1.png */; };
		121EBEF71893868E00AACBE1 /* bambooshoot2.png in Resources */ = {isa = PBXBuildFile; fileRef = 121EBEF21893868E00AACBE1 /* bambooshoot2.png */; };
		121EBEF81893868E00AACBE1 /* bambooshoot3.png in Resources */ = {isa = PBXBuildFile; fileRef = 121EBEF31893868E00AACBE1 /* bambooshoot3.png */; };
		121EBEF91893868E00AACBE1 /* bambooshoot4.png in Resources */ = {isa = PBXBuildFile; fileRef = 121EBEF41893868E00AACBE1 /* bambooshoot4.png */; };
		121EBEFA1893868E00AACBE1 /* bambooshoot0.png in Resources */ = {isa = PBXBuildFile; fileRef = 121EBEF51893868E00AACBE1 /* bambooshoot0.png */; };
		123E3971188E9882008B7257 /* Foundation.framework in Frameworks */ = {isa = PBXBuildFile; fileRef = 123E3970188E9882008B7257 /* Foundation.framework */; };
		123E3973188E9882008B7257 /* CoreGraphics.framework in Frameworks */ = {isa = PBXBuildFile; fileRef = 123E3972188E9882008B7257 /* CoreGraphics.framework */; };
		123E3975188E9882008B7257 /* UIKit.framework in Frameworks */ = {isa = PBXBuildFile; fileRef = 123E3974188E9882008B7257 /* UIKit.framework */; };
		123E397B188E9882008B7257 /* InfoPlist.strings in Resources */ = {isa = PBXBuildFile; fileRef = 123E3979188E9882008B7257 /* InfoPlist.strings */; };
		123E397D188E9882008B7257 /* main.m in Sources */ = {isa = PBXBuildFile; fileRef = 123E397C188E9882008B7257 /* main.m */; };
		123E3981188E9882008B7257 /* AppDelegate.m in Sources */ = {isa = PBXBuildFile; fileRef = 123E3980188E9882008B7257 /* AppDelegate.m */; };
		123E3984188E9882008B7257 /* Main_iPhone.storyboard in Resources */ = {isa = PBXBuildFile; fileRef = 123E3982188E9882008B7257 /* Main_iPhone.storyboard */; };
		123E3987188E9882008B7257 /* Main_iPad.storyboard in Resources */ = {isa = PBXBuildFile; fileRef = 123E3985188E9882008B7257 /* Main_iPad.storyboard */; };
		123E398A188E9882008B7257 /* ViewController.m in Sources */ = {isa = PBXBuildFile; fileRef = 123E3989188E9882008B7257 /* ViewController.m */; };
		123E398C188E9882008B7257 /* Images.xcassets in Resources */ = {isa = PBXBuildFile; fileRef = 123E398B188E9882008B7257 /* Images.xcassets */; };
		123E3993188E9882008B7257 /* XCTest.framework in Frameworks */ = {isa = PBXBuildFile; fileRef = 123E3992188E9882008B7257 /* XCTest.framework */; };
		123E3994188E9882008B7257 /* Foundation.framework in Frameworks */ = {isa = PBXBuildFile; fileRef = 123E3970188E9882008B7257 /* Foundation.framework */; };
		123E3995188E9882008B7257 /* UIKit.framework in Frameworks */ = {isa = PBXBuildFile; fileRef = 123E3974188E9882008B7257 /* UIKit.framework */; };
		123E399D188E9882008B7257 /* InfoPlist.strings in Resources */ = {isa = PBXBuildFile; fileRef = 123E399B188E9882008B7257 /* InfoPlist.strings */; };
		123E399F188E9882008B7257 /* KidDrawingTests.m in Sources */ = {isa = PBXBuildFile; fileRef = 123E399E188E9882008B7257 /* KidDrawingTests.m */; };
		123E39CD188E9AB6008B7257 /* FileLists.plist in Resources */ = {isa = PBXBuildFile; fileRef = 123E39CC188E9AB6008B7257 /* FileLists.plist */; };
		123E39D0188E9B44008B7257 /* ImageViewCell.m in Sources */ = {isa = PBXBuildFile; fileRef = 123E39CF188E9B44008B7257 /* ImageViewCell.m */; };
		123E39D3188EAD91008B7257 /* DetailsViewController.m in Sources */ = {isa = PBXBuildFile; fileRef = 123E39D2188EAD91008B7257 /* DetailsViewController.m */; };
/* End PBXBuildFile section */

/* Begin PBXContainerItemProxy section */
		123E3996188E9882008B7257 /* PBXContainerItemProxy */ = {
			isa = PBXContainerItemProxy;
			containerPortal = 123E3965188E9882008B7257 /* Project object */;
			proxyType = 1;
			remoteGlobalIDString = 123E396C188E9882008B7257;
			remoteInfo = KidDrawing;
		};
/* End PBXContainerItemProxy section */

/* Begin PBXFileReference section */
		121EBEF11893868E00AACBE1 /* bambooshoot1.png */ = {isa = PBXFileReference; lastKnownFileType = image.png; path = bambooshoot1.png; sourceTree = "<group>"; };
		121EBEF21893868E00AACBE1 /* bambooshoot2.png */ = {isa = PBXFileReference; lastKnownFileType = image.png; path = bambooshoot2.png; sourceTree = "<group>"; };
		121EBEF31893868E00AACBE1 /* bambooshoot3.png */ = {isa = PBXFileReference; lastKnownFileType = image.png; path = bambooshoot3.png; sourceTree = "<group>"; };
		121EBEF41893868E00AACBE1 /* bambooshoot4.png */ = {isa = PBXFileReference; lastKnownFileType = image.png; path = bambooshoot4.png; sourceTree = "<group>"; };
		121EBEF51893868E00AACBE1 /* bambooshoot0.png */ = {isa = PBXFileReference; lastKnownFileType = image.png; path = bambooshoot0.png; sourceTree = "<group>"; };
		123E396D188E9882008B7257 /* KidDrawing.app */ = {isa = PBXFileReference; explicitFileType = wrapper.application; includeInIndex = 0; path = KidDrawing.app; sourceTree = BUILT_PRODUCTS_DIR; };
		123E3970188E9882008B7257 /* Foundation.framework */ = {isa = PBXFileReference; lastKnownFileType = wrapper.framework; name = Foundation.framework; path = System/Library/Frameworks/Foundation.framework; sourceTree = SDKROOT; };
		123E3972188E9882008B7257 /* CoreGraphics.framework */ = {isa = PBXFileReference; lastKnownFileType = wrapper.framework; name = CoreGraphics.framework; path = System/Library/Frameworks/CoreGraphics.framework; sourceTree = SDKROOT; };
		123E3974188E9882008B7257 /* UIKit.framework */ = {isa = PBXFileReference; lastKnownFileType = wrapper.framework; name = UIKit.framework; path = System/Library/Frameworks/UIKit.framework; sourceTree = SDKROOT; };
		123E3978188E9882008B7257 /* KidDrawing-Info.plist */ = {isa = PBXFileReference; lastKnownFileType = text.plist.xml; path = "KidDrawing-Info.plist"; sourceTree = "<group>"; };
		123E397A188E9882008B7257 /* en */ = {isa = PBXFileReference; lastKnownFileType = text.plist.strings; name = en; path = en.lproj/InfoPlist.strings; sourceTree = "<group>"; };
		123E397C188E9882008B7257 /* main.m */ = {isa = PBXFileReference; lastKnownFileType = sourcecode.c.objc; path = main.m; sourceTree = "<group>"; };
		123E397E188E9882008B7257 /* KidDrawing-Prefix.pch */ = {isa = PBXFileReference; lastKnownFileType = sourcecode.c.h; path = "KidDrawing-Prefix.pch"; sourceTree = "<group>"; };
		123E397F188E9882008B7257 /* AppDelegate.h */ = {isa = PBXFileReference; lastKnownFileType = sourcecode.c.h; path = AppDelegate.h; sourceTree = "<group>"; };
		123E3980188E9882008B7257 /* AppDelegate.m */ = {isa = PBXFileReference; lastKnownFileType = sourcecode.c.objc; path = AppDelegate.m; sourceTree = "<group>"; };
		123E3983188E9882008B7257 /* Base */ = {isa = PBXFileReference; lastKnownFileType = file.storyboard; name = Base; path = Base.lproj/Main_iPhone.storyboard; sourceTree = "<group>"; };
		123E3986188E9882008B7257 /* Base */ = {isa = PBXFileReference; lastKnownFileType = file.storyboard; name = Base; path = Base.lproj/Main_iPad.storyboard; sourceTree = "<group>"; };
		123E3988188E9882008B7257 /* ViewController.h */ = {isa = PBXFileReference; lastKnownFileType = sourcecode.c.h; path = ViewController.h; sourceTree = "<group>"; };
		123E3989188E9882008B7257 /* ViewController.m */ = {isa = PBXFileReference; lastKnownFileType = sourcecode.c.objc; path = ViewController.m; sourceTree = "<group>"; };
		123E398B188E9882008B7257 /* Images.xcassets */ = {isa = PBXFileReference; lastKnownFileType = folder.assetcatalog; path = Images.xcassets; sourceTree = "<group>"; };
		123E3991188E9882008B7257 /* KidDrawingTests.xctest */ = {isa = PBXFileReference; explicitFileType = wrapper.cfbundle; includeInIndex = 0; path = KidDrawingTests.xctest; sourceTree = BUILT_PRODUCTS_DIR; };
		123E3992188E9882008B7257 /* XCTest.framework */ = {isa = PBXFileReference; lastKnownFileType = wrapper.framework; name = XCTest.framework; path = Library/Frameworks/XCTest.framework; sourceTree = DEVELOPER_DIR; };
		123E399A188E9882008B7257 /* KidDrawingTests-Info.plist */ = {isa = PBXFileReference; lastKnownFileType = text.plist.xml; path = "KidDrawingTests-Info.plist"; sourceTree = "<group>"; };
		123E399C188E9882008B7257 /* en */ = {isa = PBXFileReference; lastKnownFileType = text.plist.strings; name = en; path = en.lproj/InfoPlist.strings; sourceTree = "<group>"; };
		123E399E188E9882008B7257 /* KidDrawingTests.m */ = {isa = PBXFileReference; lastKnownFileType = sourcecode.c.objc; path = KidDrawingTests.m; sourceTree = "<group>"; };
		123E39CC188E9AB6008B7257 /* FileLists.plist */ = {isa = PBXFileReference; fileEncoding = 4; lastKnownFileType = text.plist.xml; path = FileLists.plist; sourceTree = "<group>"; };
		123E39CE188E9B44008B7257 /* ImageViewCell.h */ = {isa = PBXFileReference; fileEncoding = 4; lastKnownFileType = sourcecode.c.h; path = ImageViewCell.h; sourceTree = "<group>"; };
		123E39CF188E9B44008B7257 /* ImageViewCell.m */ = {isa = PBXFileReference; fileEncoding = 4; lastKnownFileType = sourcecode.c.objc; path = ImageViewCell.m; sourceTree = "<group>"; };
		123E39D1188EAD91008B7257 /* DetailsViewController.h */ = {isa = PBXFileReference; fileEncoding = 4; lastKnownFileType = sourcecode.c.h; path = DetailsViewController.h; sourceTree = "<group>"; };
		123E39D2188EAD91008B7257 /* DetailsViewController.m */ = {isa = PBXFileReference; fileEncoding = 4; lastKnownFileType = sourcecode.c.objc; path = DetailsViewController.m; sourceTree = "<group>"; };
/* End PBXFileReference section */

/* Begin PBXFrameworksBuildPhase section */
		123E396A188E9882008B7257 /* Frameworks */ = {
			isa = PBXFrameworksBuildPhase;
			buildActionMask = 2147483647;
			files = (
				123E3973188E9882008B7257 /* CoreGraphics.framework in Frameworks */,
				123E3975188E9882008B7257 /* UIKit.framework in Frameworks */,
				123E3971188E9882008B7257 /* Foundation.framework in Frameworks */,
			);
			runOnlyForDeploymentPostprocessing = 0;
		};
		123E398E188E9882008B7257 /* Frameworks */ = {
			isa = PBXFrameworksBuildPhase;
			buildActionMask = 2147483647;
			files = (
				123E3993188E9882008B7257 /* XCTest.framework in Frameworks */,
				123E3995188E9882008B7257 /* UIKit.framework in Frameworks */,
				123E3994188E9882008B7257 /* Foundation.framework in Frameworks */,
			);
			runOnlyForDeploymentPostprocessing = 0;
		};
/* End PBXFrameworksBuildPhase section */

/* Begin PBXGroup section */
		123E3964188E9882008B7257 = {
			isa = PBXGroup;
			children = (
				123E3976188E9882008B7257 /* KidDrawing */,
				123E3998188E9882008B7257 /* KidDrawingTests */,
				123E396F188E9882008B7257 /* Frameworks */,
				123E396E188E9882008B7257 /* Products */,
			);
			sourceTree = "<group>";
		};
		123E396E188E9882008B7257 /* Products */ = {
			isa = PBXGroup;
			children = (
				123E396D188E9882008B7257 /* KidDrawing.app */,
				123E3991188E9882008B7257 /* KidDrawingTests.xctest */,
			);
			name = Products;
			sourceTree = "<group>";
		};
		123E396F188E9882008B7257 /* Frameworks */ = {
			isa = PBXGroup;
			children = (
				123E3970188E9882008B7257 /* Foundation.framework */,
				123E3972188E9882008B7257 /* CoreGraphics.framework */,
				123E3974188E9882008B7257 /* UIKit.framework */,
				123E3992188E9882008B7257 /* XCTest.framework */,
			);
			name = Frameworks;
			sourceTree = "<group>";
		};
		123E3976188E9882008B7257 /* KidDrawing */ = {
			isa = PBXGroup;
			children = (
				123E39CE188E9B44008B7257 /* ImageViewCell.h */,
				123E39CF188E9B44008B7257 /* ImageViewCell.m */,
				123E397F188E9882008B7257 /* AppDelegate.h */,
				123E3980188E9882008B7257 /* AppDelegate.m */,
				123E3982188E9882008B7257 /* Main_iPhone.storyboard */,
				123E3985188E9882008B7257 /* Main_iPad.storyboard */,
				123E39D1188EAD91008B7257 /* DetailsViewController.h */,
				123E39D2188EAD91008B7257 /* DetailsViewController.m */,
				123E3988188E9882008B7257 /* ViewController.h */,
				123E3989188E9882008B7257 /* ViewController.m */,
				123E398B188E9882008B7257 /* Images.xcassets */,
				123E3977188E9882008B7257 /* Supporting Files */,
			);
			path = KidDrawing;
			sourceTree = "<group>";
		};
		123E3977188E9882008B7257 /* Supporting Files */ = {
			isa = PBXGroup;
			children = (
				121EBEF11893868E00AACBE1 /* bambooshoot1.png */,
				121EBEF21893868E00AACBE1 /* bambooshoot2.png */,
				121EBEF31893868E00AACBE1 /* bambooshoot3.png */,
				121EBEF41893868E00AACBE1 /* bambooshoot4.png */,
				121EBEF51893868E00AACBE1 /* bambooshoot0.png */,
				123E39CC188E9AB6008B7257 /* FileLists.plist */,
				123E3978188E9882008B7257 /* KidDrawing-Info.plist */,
				123E3979188E9882008B7257 /* InfoPlist.strings */,
				123E397C188E9882008B7257 /* main.m */,
				123E397E188E9882008B7257 /* KidDrawing-Prefix.pch */,
			);
			name = "Supporting Files";
			sourceTree = "<group>";
		};
		123E3998188E9882008B7257 /* KidDrawingTests */ = {
			isa = PBXGroup;
			children = (
				123E399E188E9882008B7257 /* KidDrawingTests.m */,
				123E3999188E9882008B7257 /* Supporting Files */,
			);
			path = KidDrawingTests;
			sourceTree = "<group>";
		};
		123E3999188E9882008B7257 /* Supporting Files */ = {
			isa = PBXGroup;
			children = (
				123E399A188E9882008B7257 /* KidDrawingTests-Info.plist */,
				123E399B188E9882008B7257 /* InfoPlist.strings */,
			);
			name = "Supporting Files";
			sourceTree = "<group>";
		};
/* End PBXGroup section */

/* Begin PBXNativeTarget section */
		123E396C188E9882008B7257 /* KidDrawing */ = {
			isa = PBXNativeTarget;
			buildConfigurationList = 123E39A2188E9882008B7257 /* Build configuration list for PBXNativeTarget "KidDrawing" */;
			buildPhases = (
				123E3969188E9882008B7257 /* Sources */,
				123E396A188E9882008B7257 /* Frameworks */,
				123E396B188E9882008B7257 /* Resources */,
			);
			buildRules = (
			);
			dependencies = (
			);
			name = KidDrawing;
			productName = KidDrawing;
			productReference = 123E396D188E9882008B7257 /* KidDrawing.app */;
			productType = "com.apple.product-type.application";
		};
		123E3990188E9882008B7257 /* KidDrawingTests */ = {
			isa = PBXNativeTarget;
			buildConfigurationList = 123E39A5188E9882008B7257 /* Build configuration list for PBXNativeTarget "KidDrawingTests" */;
			buildPhases = (
				123E398D188E9882008B7257 /* Sources */,
				123E398E188E9882008B7257 /* Frameworks */,
				123E398F188E9882008B7257 /* Resources */,
			);
			buildRules = (
			);
			dependencies = (
				123E3997188E9882008B7257 /* PBXTargetDependency */,
			);
			name = KidDrawingTests;
			productName = KidDrawingTests;
			productReference = 123E3991188E9882008B7257 /* KidDrawingTests.xctest */;
			productType = "com.apple.product-type.bundle.unit-test";
		};
/* End PBXNativeTarget section */

/* Begin PBXProject section */
		123E3965188E9882008B7257 /* Project object */ = {
			isa = PBXProject;
			attributes = {
				LastUpgradeCheck = 0500;
				ORGANIZATIONNAME = "Kaven Feng";
				TargetAttributes = {
					123E3990188E9882008B7257 = {
						TestTargetID = 123E396C188E9882008B7257;
					};
				};
			};
			buildConfigurationList = 123E3968188E9882008B7257 /* Build configuration list for PBXProject "KidDrawing" */;
			compatibilityVersion = "Xcode 3.2";
			developmentRegion = English;
			hasScannedForEncodings = 0;
			knownRegions = (
				en,
				Base,
			);
			mainGroup = 123E3964188E9882008B7257;
			productRefGroup = 123E396E188E9882008B7257 /* Products */;
			projectDirPath = "";
			projectRoot = "";
			targets = (
				123E396C188E9882008B7257 /* KidDrawing */,
				123E3990188E9882008B7257 /* KidDrawingTests */,
			);
		};
/* End PBXProject section */

/* Begin PBXResourcesBuildPhase section */
		123E396B188E9882008B7257 /* Resources */ = {
			isa = PBXResourcesBuildPhase;
			buildActionMask = 2147483647;
			files = (
				123E3987188E9882008B7257 /* Main_iPad.storyboard in Resources */,
				121EBEF61893868E00AACBE1 /* bambooshoot1.png in Resources */,
				123E398C188E9882008B7257 /* Images.xcassets in Resources */,
				121EBEF71893868E00AACBE1 /* bambooshoot2.png in Resources */,
				121EBEF91893868E00AACBE1 /* bambooshoot4.png in Resources */,
				121EBEF81893868E00AACBE1 /* bambooshoot3.png in Resources */,
				123E3984188E9882008B7257 /* Main_iPhone.storyboard in Resources */,
				123E397B188E9882008B7257 /* InfoPlist.strings in Resources */,
				123E39CD188E9AB6008B7257 /* FileLists.plist in Resources */,
				121EBEFA1893868E00AACBE1 /* bambooshoot0.png in Resources */,
			);
			runOnlyForDeploymentPostprocessing = 0;
		};
		123E398F188E9882008B7257 /* Resources */ = {
			isa = PBXResourcesBuildPhase;
			buildActionMask = 2147483647;
			files = (
				123E399D188E9882008B7257 /* InfoPlist.strings in Resources */,
			);
			runOnlyForDeploymentPostprocessing = 0;
		};
/* End PBXResourcesBuildPhase section */

/* Begin PBXSourcesBuildPhase section */
		123E3969188E9882008B7257 /* Sources */ = {
			isa = PBXSourcesBuildPhase;
			buildActionMask = 2147483647;
			files = (
				123E39D0188E9B44008B7257 /* ImageViewCell.m in Sources */,
				123E39D3188EAD91008B7257 /* DetailsViewController.m in Sources */,
				123E398A188E9882008B7257 /* ViewController.m in Sources */,
				123E3981188E9882008B7257 /* AppDelegate.m in Sources */,
				123E397D188E9882008B7257 /* main.m in Sources */,
			);
			runOnlyForDeploymentPostprocessing = 0;
		};
		123E398D188E9882008B7257 /* Sources */ = {
			isa = PBXSourcesBuildPhase;
			buildActionMask = 2147483647;
			files = (
				123E399F188E9882008B7257 /* KidDrawingTests.m in Sources */,
			);
			runOnlyForDeploymentPostprocessing = 0;
		};
/* End PBXSourcesBuildPhase section */

/* Begin PBXTargetDependency section */
		123E3997188E9882008B7257 /* PBXTargetDependency */ = {
			isa = PBXTargetDependency;
			target = 123E396C188E9882008B7257 /* KidDrawing */;
			targetProxy = 123E3996188E9882008B7257 /* PBXContainerItemProxy */;
		};
/* End PBXTargetDependency section */

/* Begin PBXVariantGroup section */
		123E3979188E9882008B7257 /* InfoPlist.strings */ = {
			isa = PBXVariantGroup;
			children = (
				123E397A188E9882008B7257 /* en */,
			);
			name = InfoPlist.strings;
			sourceTree = "<group>";
		};
		123E3982188E9882008B7257 /* Main_iPhone.storyboard */ = {
			isa = PBXVariantGroup;
			children = (
				123E3983188E9882008B7257 /* Base */,
			);
			name = Main_iPhone.storyboard;
			sourceTree = "<group>";
		};
		123E3985188E9882008B7257 /* Main_iPad.storyboard */ = {
			isa = PBXVariantGroup;
			children = (
				123E3986188E9882008B7257 /* Base */,
			);
			name = Main_iPad.storyboard;
			sourceTree = "<group>";
		};
		123E399B188E9882008B7257 /* InfoPlist.strings */ = {
			isa = PBXVariantGroup;
			children = (
				123E399C188E9882008B7257 /* en */,
			);
			name = InfoPlist.strings;
			sourceTree = "<group>";
		};
/* End PBXVariantGroup section */

/* Begin XCBuildConfiguration section */
		123E39A0188E9882008B7257 /* Debug */ = {
			isa = XCBuildConfiguration;
			buildSettings = {
				ALWAYS_SEARCH_USER_PATHS = NO;
				ARCHS = "$(ARCHS_STANDARD_INCLUDING_64_BIT)";
				CLANG_CXX_LANGUAGE_STANDARD = "gnu++0x";
				CLANG_CXX_LIBRARY = "libc++";
				CLANG_ENABLE_MODULES = YES;
				CLANG_ENABLE_OBJC_ARC = YES;
				CLANG_WARN_BOOL_CONVERSION = YES;
				CLANG_WARN_CONSTANT_CONVERSION = YES;
				CLANG_WARN_DIRECT_OBJC_ISA_USAGE = YES_ERROR;
				CLANG_WARN_EMPTY_BODY = YES;
				CLANG_WARN_ENUM_CONVERSION = YES;
				CLANG_WARN_INT_CONVERSION = YES;
				CLANG_WARN_OBJC_ROOT_CLASS = YES_ERROR;
				CLANG_WARN__DUPLICATE_METHOD_MATCH = YES;
				"CODE_SIGN_IDENTITY[sdk=iphoneos*]" = "iPhone Developer";
				COPY_PHASE_STRIP = NO;
				GCC_C_LANGUAGE_STANDARD = gnu99;
				GCC_DYNAMIC_NO_PIC = NO;
				GCC_OPTIMIZATION_LEVEL = 0;
				GCC_PREPROCESSOR_DEFINITIONS = (
					"DEBUG=1",
					"$(inherited)",
				);
				GCC_SYMBOLS_PRIVATE_EXTERN = NO;
				GCC_WARN_64_TO_32_BIT_CONVERSION = YES;
				GCC_WARN_ABOUT_RETURN_TYPE = YES_ERROR;
				GCC_WARN_UNDECLARED_SELECTOR = YES;
				GCC_WARN_UNINITIALIZED_AUTOS = YES;
				GCC_WARN_UNUSED_FUNCTION = YES;
				GCC_WARN_UNUSED_VARIABLE = YES;
				IPHONEOS_DEPLOYMENT_TARGET = 7.0;
				ONLY_ACTIVE_ARCH = YES;
				SDKROOT = iphoneos;
				TARGETED_DEVICE_FAMILY = "1,2";
			};
			name = Debug;
		};
		123E39A1188E9882008B7257 /* Release */ = {
			isa = XCBuildConfiguration;
			buildSettings = {
				ALWAYS_SEARCH_USER_PATHS = NO;
				ARCHS = "$(ARCHS_STANDARD_INCLUDING_64_BIT)";
				CLANG_CXX_LANGUAGE_STANDARD = "gnu++0x";
				CLANG_CXX_LIBRARY = "libc++";
				CLANG_ENABLE_MODULES = YES;
				CLANG_ENABLE_OBJC_ARC = YES;
				CLANG_WARN_BOOL_CONVERSION = YES;
				CLANG_WARN_CONSTANT_CONVERSION = YES;
				CLANG_WARN_DIRECT_OBJC_ISA_USAGE = YES_ERROR;
				CLANG_WARN_EMPTY_BODY = YES;
				CLANG_WARN_ENUM_CONVERSION = YES;
				CLANG_WARN_INT_CONVERSION = YES;
				CLANG_WARN_OBJC_ROOT_CLASS = YES_ERROR;
				CLANG_WARN__DUPLICATE_METHOD_MATCH = YES;
				"CODE_SIGN_IDENTITY[sdk=iphoneos*]" = "iPhone Developer";
				COPY_PHASE_STRIP = YES;
				ENABLE_NS_ASSERTIONS = NO;
				GCC_C_LANGUAGE_STANDARD = gnu99;
				GCC_WARN_64_TO_32_BIT_CONVERSION = YES;
				GCC_WARN_ABOUT_RETURN_TYPE = YES_ERROR;
				GCC_WARN_UNDECLARED_SELECTOR = YES;
				GCC_WARN_UNINITIALIZED_AUTOS = YES;
				GCC_WARN_UNUSED_FUNCTION = YES;
				GCC_WARN_UNUSED_VARIABLE = YES;
				IPHONEOS_DEPLOYMENT_TARGET = 7.0;
				SDKROOT = iphoneos;
				TARGETED_DEVICE_FAMILY = "1,2";
				VALIDATE_PRODUCT = YES;
			};
			name = Release;
		};
		123E39A3188E9882008B7257 /* Debug */ = {
			isa = XCBuildConfiguration;
			buildSettings = {
				ASSETCATALOG_COMPILER_APPICON_NAME = AppIcon;
				ASSETCATALOG_COMPILER_LAUNCHIMAGE_NAME = LaunchImage;
				GCC_PRECOMPILE_PREFIX_HEADER = YES;
				GCC_PREFIX_HEADER = "KidDrawing/KidDrawing-Prefix.pch";
				INFOPLIST_FILE = "KidDrawing/KidDrawing-Info.plist";
				PRODUCT_NAME = "$(TARGET_NAME)";
				WRAPPER_EXTENSION = app;
			};
			name = Debug;
		};
		123E39A4188E9882008B7257 /* Release */ = {
			isa = XCBuildConfiguration;
			buildSettings = {
				ASSETCATALOG_COMPILER_APPICON_NAME = AppIcon;
				ASSETCATALOG_COMPILER_LAUNCHIMAGE_NAME = LaunchImage;
				GCC_PRECOMPILE_PREFIX_HEADER = YES;
				GCC_PREFIX_HEADER = "KidDrawing/KidDrawing-Prefix.pch";
				INFOPLIST_FILE = "KidDrawing/KidDrawing-Info.plist";
				PRODUCT_NAME = "$(TARGET_NAME)";
				WRAPPER_EXTENSION = app;
			};
			name = Release;
		};
		123E39A6188E9882008B7257 /* Debug */ = {
			isa = XCBuildConfiguration;
			buildSettings = {
				ARCHS = "$(ARCHS_STANDARD_INCLUDING_64_BIT)";
				BUNDLE_LOADER = "$(BUILT_PRODUCTS_DIR)/KidDrawing.app/KidDrawing";
				FRAMEWORK_SEARCH_PATHS = (
					"$(SDKROOT)/Developer/Library/Frameworks",
					"$(inherited)",
					"$(DEVELOPER_FRAMEWORKS_DIR)",
				);
				GCC_PRECOMPILE_PREFIX_HEADER = YES;
				GCC_PREFIX_HEADER = "KidDrawing/KidDrawing-Prefix.pch";
				GCC_PREPROCESSOR_DEFINITIONS = (
					"DEBUG=1",
					"$(inherited)",
				);
				INFOPLIST_FILE = "KidDrawingTests/KidDrawingTests-Info.plist";
				PRODUCT_NAME = "$(TARGET_NAME)";
				TEST_HOST = "$(BUNDLE_LOADER)";
				WRAPPER_EXTENSION = xctest;
			};
			name = Debug;
		};
		123E39A7188E9882008B7257 /* Release */ = {
			isa = XCBuildConfiguration;
			buildSettings = {
				ARCHS = "$(ARCHS_STANDARD_INCLUDING_64_BIT)";
				BUNDLE_LOADER = "$(BUILT_PRODUCTS_DIR)/KidDrawing.app/KidDrawing";
				FRAMEWORK_SEARCH_PATHS = (
					"$(SDKROOT)/Developer/Library/Frameworks",
					"$(inherited)",
					"$(DEVELOPER_FRAMEWORKS_DIR)",
				);
				GCC_PRECOMPILE_PREFIX_HEADER = YES;
				GCC_PREFIX_HEADER = "KidDrawing/KidDrawing-Prefix.pch";
				INFOPLIST_FILE = "KidDrawingTests/KidDrawingTests-Info.plist";
				PRODUCT_NAME = "$(TARGET_NAME)";
				TEST_HOST = "$(BUNDLE_LOADER)";
				WRAPPER_EXTENSION = xctest;
			};
			name = Release;
		};
/* End XCBuildConfiguration section */

/* Begin XCConfigurationList section */
		123E3968188E9882008B7257 /* Build configuration list for PBXProject "KidDrawing" */ = {
			isa = XCConfigurationList;
			buildConfigurations = (
				123E39A0188E9882008B7257 /* Debug */,
				123E39A1188E9882008B7257 /* Release */,
			);
			defaultConfigurationIsVisible = 0;
			defaultConfigurationName = Release;
		};
		123E39A2188E9882008B7257 /* Build configuration list for PBXNativeTarget "KidDrawing" */ = {
			isa = XCConfigurationList;
			buildConfigurations = (
				123E39A3188E9882008B7257 /* Debug */,
				123E39A4188E9882008B7257 /* Release */,
			);
			defaultConfigurationIsVisible = 0;
			defaultConfigurationName = Release;
		};
		123E39A5188E9882008B7257 /* Build configuration list for PBXNativeTarget "KidDrawingTests" */ = {
			isa = XCConfigurationList;
			buildConfigurations = (
				123E39A6188E9882008B7257 /* Debug */,
				123E39A7188E9882008B7257 /* Release */,
			);
			defaultConfigurationIsVisible = 0;
			defaultConfigurationName = Release;
		};
/* End XCConfigurationList section */
	};
	rootObject = 123E3965188E9882008B7257 /* Project object */;
}
